// !$*UTF8*$!
{
	archiveVersion = 1;
	classes = {
	};
	objectVersion = 56;
	objects = {

/* Begin PBXFileReference section */
		FDE833AF2995F80100F2283B /* week3.swift */ = {isa = PBXFileReference; lastKnownFileType = sourcecode.swift; path = week3.swift; sourceTree = "<group>"; };
/* End PBXFileReference section */

/* Begin PBXGroup section */
		FDE833A82995F7BD00F2283B = {
			isa = PBXGroup;
			children = (
				FDE833AF2995F80100F2283B /* week3.swift */,
			);
			sourceTree = "<group>";
		};
/* End PBXGroup section */

/* Begin PBXProject section */
		FDE833A92995F7BD00F2283B /* Project object */ = {
			isa = PBXProject;
			attributes = {
				BuildIndependentTargetsInParallel = 1;
				LastUpgradeCheck = 1420;
			};
			buildConfigurationList = FDE833AC2995F7BD00F2283B /* Build configuration list for PBXProject "week3_sample" */;
			compatibilityVersion = "Xcode 14.0";
			developmentRegion = en;
			hasScannedForEncodings = 0;
			knownRegions = (
				en,
				Base,
			);
			mainGroup = FDE833A82995F7BD00F2283B;
			projectDirPath = "";
			projectRoot = "";
			targets = (
			);
		};
/* End PBXProject section */

/* Begin XCBuildConfiguration section */
		FDE833AD2995F7BD00F2283B /* Debug */ = {
			isa = XCBuildConfiguration;
			buildSettings = {
			};
			name = Debug;
		};
		FDE833AE2995F7BD00F2283B /* Release */ = {
			isa = XCBuildConfiguration;
			buildSettings = {
			};
			name = Release;
		};
/* End XCBuildConfiguration section */

/* Begin XCConfigurationList section */
		FDE833AC2995F7BD00F2283B /* Build configuration list for PBXProject "week3_sample" */ = {
			isa = XCConfigurationList;
			buildConfigurations = (
				FDE833AD2995F7BD00F2283B /* Debug */,
				FDE833AE2995F7BD00F2283B /* Release */,
			);
			defaultConfigurationIsVisible = 0;
			defaultConfigurationName = Release;
		};
/* End XCConfigurationList section */
	};
	rootObject = FDE833A92995F7BD00F2283B /* Project object */;
}
