// !$*UTF8*$!
{
	archiveVersion = 1;
	classes = {
	};
	objectVersion = 56;
	objects = {

/* Begin PBXBuildFile section */
		28D1B11729D446CC00631278 /* CaloriesListApp.swift in Sources */ = {isa = PBXBuildFile; fileRef = 28D1B11629D446CC00631278 /* CaloriesListApp.swift */; };
		28D1B11929D446CC00631278 /* ContentView.swift in Sources */ = {isa = PBXBuildFile; fileRef = 28D1B11829D446CC00631278 /* ContentView.swift */; };
		28D1B11B29D446CE00631278 /* Assets.xcassets in Resources */ = {isa = PBXBuildFile; fileRef = 28D1B11A29D446CE00631278 /* Assets.xcassets */; };
		28D1B11E29D446CE00631278 /* Preview Assets.xcassets in Resources */ = {isa = PBXBuildFile; fileRef = 28D1B11D29D446CE00631278 /* Preview Assets.xcassets */; };
		28D1B12629D446F000631278 /* CaloriesModel.xcdatamodeld in Sources */ = {isa = PBXBuildFile; fileRef = 28D1B12429D446F000631278 /* CaloriesModel.xcdatamodeld */; };
		28D1B12829D4476200631278 /* PersistenceController.swift in Sources */ = {isa = PBXBuildFile; fileRef = 28D1B12729D4476200631278 /* PersistenceController.swift */; };
		28D1B12C29D447C400631278 /* CalorieView.swift in Sources */ = {isa = PBXBuildFile; fileRef = 28D1B12B29D447C400631278 /* CalorieView.swift */; };
		28D1B12E29D4481A00631278 /* CalorieViewModel.swift in Sources */ = {isa = PBXBuildFile; fileRef = 28D1B12D29D4481A00631278 /* CalorieViewModel.swift */; };
		28D1B13029D44CD400631278 /* AddCalorieView.swift in Sources */ = {isa = PBXBuildFile; fileRef = 28D1B12F29D44CD400631278 /* AddCalorieView.swift */; };
		28D1B13229D44D1F00631278 /* CaloriesList.swift in Sources */ = {isa = PBXBuildFile; fileRef = 28D1B13129D44D1F00631278 /* CaloriesList.swift */; };
/* End PBXBuildFile section */

/* Begin PBXFileReference section */
		28D1B11329D446CC00631278 /* CaloriesList.app */ = {isa = PBXFileReference; explicitFileType = wrapper.application; includeInIndex = 0; path = CaloriesList.app; sourceTree = BUILT_PRODUCTS_DIR; };
		28D1B11629D446CC00631278 /* CaloriesListApp.swift */ = {isa = PBXFileReference; lastKnownFileType = sourcecode.swift; path = CaloriesListApp.swift; sourceTree = "<group>"; };
		28D1B11829D446CC00631278 /* ContentView.swift */ = {isa = PBXFileReference; lastKnownFileType = sourcecode.swift; path = ContentView.swift; sourceTree = "<group>"; };
		28D1B11A29D446CE00631278 /* Assets.xcassets */ = {isa = PBXFileReference; lastKnownFileType = folder.assetcatalog; path = Assets.xcassets; sourceTree = "<group>"; };
		28D1B11D29D446CE00631278 /* Preview Assets.xcassets */ = {isa = PBXFileReference; lastKnownFileType = folder.assetcatalog; path = "Preview Assets.xcassets"; sourceTree = "<group>"; };
		28D1B12529D446F000631278 /* CaloriesModel.xcdatamodel */ = {isa = PBXFileReference; lastKnownFileType = wrapper.xcdatamodel; path = CaloriesModel.xcdatamodel; sourceTree = "<group>"; };
		28D1B12729D4476200631278 /* PersistenceController.swift */ = {isa = PBXFileReference; lastKnownFileType = sourcecode.swift; path = PersistenceController.swift; sourceTree = "<group>"; };
		28D1B12B29D447C400631278 /* CalorieView.swift */ = {isa = PBXFileReference; lastKnownFileType = sourcecode.swift; path = CalorieView.swift; sourceTree = "<group>"; };
		28D1B12D29D4481A00631278 /* CalorieViewModel.swift */ = {isa = PBXFileReference; lastKnownFileType = sourcecode.swift; path = CalorieViewModel.swift; sourceTree = "<group>"; };
		28D1B12F29D44CD400631278 /* AddCalorieView.swift */ = {isa = PBXFileReference; lastKnownFileType = sourcecode.swift; path = AddCalorieView.swift; sourceTree = "<group>"; };
		28D1B13129D44D1F00631278 /* CaloriesList.swift */ = {isa = PBXFileReference; lastKnownFileType = sourcecode.swift; path = CaloriesList.swift; sourceTree = "<group>"; };
/* End PBXFileReference section */

/* Begin PBXFrameworksBuildPhase section */
		28D1B11029D446CC00631278 /* Frameworks */ = {
			isa = PBXFrameworksBuildPhase;
			buildActionMask = 2147483647;
			files = (
			);
			runOnlyForDeploymentPostprocessing = 0;
		};
/* End PBXFrameworksBuildPhase section */

/* Begin PBXGroup section */
		28D1B10A29D446CC00631278 = {
			isa = PBXGroup;
			children = (
				28D1B11529D446CC00631278 /* CaloriesList */,
				28D1B11429D446CC00631278 /* Products */,
			);
			sourceTree = "<group>";
		};
		28D1B11429D446CC00631278 /* Products */ = {
			isa = PBXGroup;
			children = (
				28D1B11329D446CC00631278 /* CaloriesList.app */,
			);
			name = Products;
			sourceTree = "<group>";
		};
		28D1B11529D446CC00631278 /* CaloriesList */ = {
			isa = PBXGroup;
			children = (
				28D1B11629D446CC00631278 /* CaloriesListApp.swift */,
				28D1B11829D446CC00631278 /* ContentView.swift */,
				28D1B11A29D446CE00631278 /* Assets.xcassets */,
				28D1B11C29D446CE00631278 /* Preview Content */,
				28D1B12429D446F000631278 /* CaloriesModel.xcdatamodeld */,
				28D1B12729D4476200631278 /* PersistenceController.swift */,
				28D1B12B29D447C400631278 /* CalorieView.swift */,
				28D1B12D29D4481A00631278 /* CalorieViewModel.swift */,
				28D1B12F29D44CD400631278 /* AddCalorieView.swift */,
				28D1B13129D44D1F00631278 /* CaloriesList.swift */,
			);
			path = CaloriesList;
			sourceTree = "<group>";
		};
		28D1B11C29D446CE00631278 /* Preview Content */ = {
			isa = PBXGroup;
			children = (
				28D1B11D29D446CE00631278 /* Preview Assets.xcassets */,
			);
			path = "Preview Content";
			sourceTree = "<group>";
		};
/* End PBXGroup section */

/* Begin PBXNativeTarget section */
		28D1B11229D446CC00631278 /* CaloriesList */ = {
			isa = PBXNativeTarget;
			buildConfigurationList = 28D1B12129D446CE00631278 /* Build configuration list for PBXNativeTarget "CaloriesList" */;
			buildPhases = (
				28D1B10F29D446CC00631278 /* Sources */,
				28D1B11029D446CC00631278 /* Frameworks */,
				28D1B11129D446CC00631278 /* Resources */,
			);
			buildRules = (
			);
			dependencies = (
			);
			name = CaloriesList;
			productName = CaloriesList;
			productReference = 28D1B11329D446CC00631278 /* CaloriesList.app */;
			productType = "com.apple.product-type.application";
		};
/* End PBXNativeTarget section */

/* Begin PBXProject section */
		28D1B10B29D446CC00631278 /* Project object */ = {
			isa = PBXProject;
			attributes = {
				BuildIndependentTargetsInParallel = 1;
				LastSwiftUpdateCheck = 1420;
				LastUpgradeCheck = 1420;
				TargetAttributes = {
					28D1B11229D446CC00631278 = {
						CreatedOnToolsVersion = 14.2;
					};
				};
			};
			buildConfigurationList = 28D1B10E29D446CC00631278 /* Build configuration list for PBXProject "CaloriesList" */;
			compatibilityVersion = "Xcode 14.0";
			developmentRegion = en;
			hasScannedForEncodings = 0;
			knownRegions = (
				en,
				Base,
			);
			mainGroup = 28D1B10A29D446CC00631278;
			productRefGroup = 28D1B11429D446CC00631278 /* Products */;
			projectDirPath = "";
			projectRoot = "";
			targets = (
				28D1B11229D446CC00631278 /* CaloriesList */,
			);
		};
/* End PBXProject section */

/* Begin PBXResourcesBuildPhase section */
		28D1B11129D446CC00631278 /* Resources */ = {
			isa = PBXResourcesBuildPhase;
			buildActionMask = 2147483647;
			files = (
				28D1B11E29D446CE00631278 /* Preview Assets.xcassets in Resources */,
				28D1B11B29D446CE00631278 /* Assets.xcassets in Resources */,
			);
			runOnlyForDeploymentPostprocessing = 0;
		};
/* End PBXResourcesBuildPhase section */

/* Begin PBXSourcesBuildPhase section */
		28D1B10F29D446CC00631278 /* Sources */ = {
			isa = PBXSourcesBuildPhase;
			buildActionMask = 2147483647;
			files = (
				28D1B12629D446F000631278 /* CaloriesModel.xcdatamodeld in Sources */,
				28D1B11929D446CC00631278 /* ContentView.swift in Sources */,
				28D1B13029D44CD400631278 /* AddCalorieView.swift in Sources */,
				28D1B13229D44D1F00631278 /* CaloriesList.swift in Sources */,
				28D1B12C29D447C400631278 /* CalorieView.swift in Sources */,
				28D1B11729D446CC00631278 /* CaloriesListApp.swift in Sources */,
				28D1B12E29D4481A00631278 /* CalorieViewModel.swift in Sources */,
				28D1B12829D4476200631278 /* PersistenceController.swift in Sources */,
			);
			runOnlyForDeploymentPostprocessing = 0;
		};
/* End PBXSourcesBuildPhase section */

/* Begin XCBuildConfiguration section */
		28D1B11F29D446CE00631278 /* Debug */ = {
			isa = XCBuildConfiguration;
			buildSettings = {
				ALWAYS_SEARCH_USER_PATHS = NO;
				CLANG_ANALYZER_NONNULL = YES;
				CLANG_ANALYZER_NUMBER_OBJECT_CONVERSION = YES_AGGRESSIVE;
				CLANG_CXX_LANGUAGE_STANDARD = "gnu++20";
				CLANG_ENABLE_MODULES = YES;
				CLANG_ENABLE_OBJC_ARC = YES;
				CLANG_ENABLE_OBJC_WEAK = YES;
				CLANG_WARN_BLOCK_CAPTURE_AUTORELEASING = YES;
				CLANG_WARN_BOOL_CONVERSION = YES;
				CLANG_WARN_COMMA = YES;
				CLANG_WARN_CONSTANT_CONVERSION = YES;
				CLANG_WARN_DEPRECATED_OBJC_IMPLEMENTATIONS = YES;
				CLANG_WARN_DIRECT_OBJC_ISA_USAGE = YES_ERROR;
				CLANG_WARN_DOCUMENTATION_COMMENTS = YES;
				CLANG_WARN_EMPTY_BODY = YES;
				CLANG_WARN_ENUM_CONVERSION = YES;
				CLANG_WARN_INFINITE_RECURSION = YES;
				CLANG_WARN_INT_CONVERSION = YES;
				CLANG_WARN_NON_LITERAL_NULL_CONVERSION = YES;
				CLANG_WARN_OBJC_IMPLICIT_RETAIN_SELF = YES;
				CLANG_WARN_OBJC_LITERAL_CONVERSION = YES;
				CLANG_WARN_OBJC_ROOT_CLASS = YES_ERROR;
				CLANG_WARN_QUOTED_INCLUDE_IN_FRAMEWORK_HEADER = YES;
				CLANG_WARN_RANGE_LOOP_ANALYSIS = YES;
				CLANG_WARN_STRICT_PROTOTYPES = YES;
				CLANG_WARN_SUSPICIOUS_MOVE = YES;
				CLANG_WARN_UNGUARDED_AVAILABILITY = YES_AGGRESSIVE;
				CLANG_WARN_UNREACHABLE_CODE = YES;
				CLANG_WARN__DUPLICATE_METHOD_MATCH = YES;
				COPY_PHASE_STRIP = NO;
				DEBUG_INFORMATION_FORMAT = dwarf;
				ENABLE_STRICT_OBJC_MSGSEND = YES;
				ENABLE_TESTABILITY = YES;
				GCC_C_LANGUAGE_STANDARD = gnu11;
				GCC_DYNAMIC_NO_PIC = NO;
				GCC_NO_COMMON_BLOCKS = YES;
				GCC_OPTIMIZATION_LEVEL = 0;
				GCC_PREPROCESSOR_DEFINITIONS = (
					"DEBUG=1",
					"$(inherited)",
				);
				GCC_WARN_64_TO_32_BIT_CONVERSION = YES;
				GCC_WARN_ABOUT_RETURN_TYPE = YES_ERROR;
				GCC_WARN_UNDECLARED_SELECTOR = YES;
				GCC_WARN_UNINITIALIZED_AUTOS = YES_AGGRESSIVE;
				GCC_WARN_UNUSED_FUNCTION = YES;
				GCC_WARN_UNUSED_VARIABLE = YES;
				IPHONEOS_DEPLOYMENT_TARGET = 16.2;
				MTL_ENABLE_DEBUG_INFO = INCLUDE_SOURCE;
				MTL_FAST_MATH = YES;
				ONLY_ACTIVE_ARCH = YES;
				SDKROOT = iphoneos;
				SWIFT_ACTIVE_COMPILATION_CONDITIONS = DEBUG;
				SWIFT_OPTIMIZATION_LEVEL = "-Onone";
			};
			name = Debug;
		};
		28D1B12029D446CE00631278 /* Release */ = {
			isa = XCBuildConfiguration;
			buildSettings = {
				ALWAYS_SEARCH_USER_PATHS = NO;
				CLANG_ANALYZER_NONNULL = YES;
				CLANG_ANALYZER_NUMBER_OBJECT_CONVERSION = YES_AGGRESSIVE;
				CLANG_CXX_LANGUAGE_STANDARD = "gnu++20";
				CLANG_ENABLE_MODULES = YES;
				CLANG_ENABLE_OBJC_ARC = YES;
				CLANG_ENABLE_OBJC_WEAK = YES;
				CLANG_WARN_BLOCK_CAPTURE_AUTORELEASING = YES;
				CLANG_WARN_BOOL_CONVERSION = YES;
				CLANG_WARN_COMMA = YES;
				CLANG_WARN_CONSTANT_CONVERSION = YES;
				CLANG_WARN_DEPRECATED_OBJC_IMPLEMENTATIONS = YES;
				CLANG_WARN_DIRECT_OBJC_ISA_USAGE = YES_ERROR;
				CLANG_WARN_DOCUMENTATION_COMMENTS = YES;
				CLANG_WARN_EMPTY_BODY = YES;
				CLANG_WARN_ENUM_CONVERSION = YES;
				CLANG_WARN_INFINITE_RECURSION = YES;
				CLANG_WARN_INT_CONVERSION = YES;
				CLANG_WARN_NON_LITERAL_NULL_CONVERSION = YES;
				CLANG_WARN_OBJC_IMPLICIT_RETAIN_SELF = YES;
				CLANG_WARN_OBJC_LITERAL_CONVERSION = YES;
				CLANG_WARN_OBJC_ROOT_CLASS = YES_ERROR;
				CLANG_WARN_QUOTED_INCLUDE_IN_FRAMEWORK_HEADER = YES;
				CLANG_WARN_RANGE_LOOP_ANALYSIS = YES;
				CLANG_WARN_STRICT_PROTOTYPES = YES;
				CLANG_WARN_SUSPICIOUS_MOVE = YES;
				CLANG_WARN_UNGUARDED_AVAILABILITY = YES_AGGRESSIVE;
				CLANG_WARN_UNREACHABLE_CODE = YES;
				CLANG_WARN__DUPLICATE_METHOD_MATCH = YES;
				COPY_PHASE_STRIP = NO;
				DEBUG_INFORMATION_FORMAT = "dwarf-with-dsym";
				ENABLE_NS_ASSERTIONS = NO;
				ENABLE_STRICT_OBJC_MSGSEND = YES;
				GCC_C_LANGUAGE_STANDARD = gnu11;
				GCC_NO_COMMON_BLOCKS = YES;
				GCC_WARN_64_TO_32_BIT_CONVERSION = YES;
				GCC_WARN_ABOUT_RETURN_TYPE = YES_ERROR;
				GCC_WARN_UNDECLARED_SELECTOR = YES;
				GCC_WARN_UNINITIALIZED_AUTOS = YES_AGGRESSIVE;
				GCC_WARN_UNUSED_FUNCTION = YES;
				GCC_WARN_UNUSED_VARIABLE = YES;
				IPHONEOS_DEPLOYMENT_TARGET = 16.2;
				MTL_ENABLE_DEBUG_INFO = NO;
				MTL_FAST_MATH = YES;
				SDKROOT = iphoneos;
				SWIFT_COMPILATION_MODE = wholemodule;
				SWIFT_OPTIMIZATION_LEVEL = "-O";
				VALIDATE_PRODUCT = YES;
			};
			name = Release;
		};
		28D1B12229D446CE00631278 /* Debug */ = {
			isa = XCBuildConfiguration;
			buildSettings = {
				ASSETCATALOG_COMPILER_APPICON_NAME = AppIcon;
				ASSETCATALOG_COMPILER_GLOBAL_ACCENT_COLOR_NAME = AccentColor;
				CODE_SIGN_STYLE = Automatic;
				CURRENT_PROJECT_VERSION = 1;
				DEVELOPMENT_ASSET_PATHS = "\"CaloriesList/Preview Content\"";
				DEVELOPMENT_TEAM = 5JCB5L87W2;
				ENABLE_PREVIEWS = YES;
				GENERATE_INFOPLIST_FILE = YES;
				INFOPLIST_KEY_UIApplicationSceneManifest_Generation = YES;
				INFOPLIST_KEY_UIApplicationSupportsIndirectInputEvents = YES;
				INFOPLIST_KEY_UILaunchScreen_Generation = YES;
				INFOPLIST_KEY_UISupportedInterfaceOrientations_iPad = "UIInterfaceOrientationPortrait UIInterfaceOrientationPortraitUpsideDown UIInterfaceOrientationLandscapeLeft UIInterfaceOrientationLandscapeRight";
				INFOPLIST_KEY_UISupportedInterfaceOrientations_iPhone = "UIInterfaceOrientationPortrait UIInterfaceOrientationLandscapeLeft UIInterfaceOrientationLandscapeRight";
				LD_RUNPATH_SEARCH_PATHS = (
					"$(inherited)",
					"@executable_path/Frameworks",
				);
				MARKETING_VERSION = 1.0;
				PRODUCT_BUNDLE_IDENTIFIER = com.dilanjt.CaloriesList;
				PRODUCT_NAME = "$(TARGET_NAME)";
				SWIFT_EMIT_LOC_STRINGS = YES;
				SWIFT_VERSION = 5.0;
				TARGETED_DEVICE_FAMILY = "1,2";
			};
			name = Debug;
		};
		28D1B12329D446CE00631278 /* Release */ = {
			isa = XCBuildConfiguration;
			buildSettings = {
				ASSETCATALOG_COMPILER_APPICON_NAME = AppIcon;
				ASSETCATALOG_COMPILER_GLOBAL_ACCENT_COLOR_NAME = AccentColor;
				CODE_SIGN_STYLE = Automatic;
				CURRENT_PROJECT_VERSION = 1;
				DEVELOPMENT_ASSET_PATHS = "\"CaloriesList/Preview Content\"";
				DEVELOPMENT_TEAM = 5JCB5L87W2;
				ENABLE_PREVIEWS = YES;
				GENERATE_INFOPLIST_FILE = YES;
				INFOPLIST_KEY_UIApplicationSceneManifest_Generation = YES;
				INFOPLIST_KEY_UIApplicationSupportsIndirectInputEvents = YES;
				INFOPLIST_KEY_UILaunchScreen_Generation = YES;
				INFOPLIST_KEY_UISupportedInterfaceOrientations_iPad = "UIInterfaceOrientationPortrait UIInterfaceOrientationPortraitUpsideDown UIInterfaceOrientationLandscapeLeft UIInterfaceOrientationLandscapeRight";
				INFOPLIST_KEY_UISupportedInterfaceOrientations_iPhone = "UIInterfaceOrientationPortrait UIInterfaceOrientationLandscapeLeft UIInterfaceOrientationLandscapeRight";
				LD_RUNPATH_SEARCH_PATHS = (
					"$(inherited)",
					"@executable_path/Frameworks",
				);
				MARKETING_VERSION = 1.0;
				PRODUCT_BUNDLE_IDENTIFIER = com.dilanjt.CaloriesList;
				PRODUCT_NAME = "$(TARGET_NAME)";
				SWIFT_EMIT_LOC_STRINGS = YES;
				SWIFT_VERSION = 5.0;
				TARGETED_DEVICE_FAMILY = "1,2";
			};
			name = Release;
		};
/* End XCBuildConfiguration section */

/* Begin XCConfigurationList section */
		28D1B10E29D446CC00631278 /* Build configuration list for PBXProject "CaloriesList" */ = {
			isa = XCConfigurationList;
			buildConfigurations = (
				28D1B11F29D446CE00631278 /* Debug */,
				28D1B12029D446CE00631278 /* Release */,
			);
			defaultConfigurationIsVisible = 0;
			defaultConfigurationName = Release;
		};
		28D1B12129D446CE00631278 /* Build configuration list for PBXNativeTarget "CaloriesList" */ = {
			isa = XCConfigurationList;
			buildConfigurations = (
				28D1B12229D446CE00631278 /* Debug */,
				28D1B12329D446CE00631278 /* Release */,
			);
			defaultConfigurationIsVisible = 0;
			defaultConfigurationName = Release;
		};
/* End XCConfigurationList section */

/* Begin XCVersionGroup section */
		28D1B12429D446F000631278 /* CaloriesModel.xcdatamodeld */ = {
			isa = XCVersionGroup;
			children = (
				28D1B12529D446F000631278 /* CaloriesModel.xcdatamodel */,
			);
			currentVersion = 28D1B12529D446F000631278 /* CaloriesModel.xcdatamodel */;
			path = CaloriesModel.xcdatamodeld;
			sourceTree = "<group>";
			versionGroupType = wrapper.xcdatamodel;
		};
/* End XCVersionGroup section */
	};
	rootObject = 28D1B10B29D446CC00631278 /* Project object */;
}
