// !$*UTF8*$!
{
	archiveVersion = 1;
	classes = {
	};
	objectVersion = 56;
	objects = {

/* Begin PBXBuildFile section */
		28A0819D29BED48A00C3AA8B /* ToDoStateManagementApp.swift in Sources */ = {isa = PBXBuildFile; fileRef = 28A0819C29BED48A00C3AA8B /* ToDoStateManagementApp.swift */; };
		28A0819F29BED48A00C3AA8B /* TodoListView.swift in Sources */ = {isa = PBXBuildFile; fileRef = 28A0819E29BED48A00C3AA8B /* TodoListView.swift */; };
		28A081A129BED48B00C3AA8B /* Assets.xcassets in Resources */ = {isa = PBXBuildFile; fileRef = 28A081A029BED48B00C3AA8B /* Assets.xcassets */; };
		28A081A429BED48B00C3AA8B /* Preview Assets.xcassets in Resources */ = {isa = PBXBuildFile; fileRef = 28A081A329BED48B00C3AA8B /* Preview Assets.xcassets */; };
		28A081AE29BED48B00C3AA8B /* ToDoStateManagementTests.swift in Sources */ = {isa = PBXBuildFile; fileRef = 28A081AD29BED48B00C3AA8B /* ToDoStateManagementTests.swift */; };
		28A081B829BED48B00C3AA8B /* ToDoStateManagementUITests.swift in Sources */ = {isa = PBXBuildFile; fileRef = 28A081B729BED48B00C3AA8B /* ToDoStateManagementUITests.swift */; };
		28A081BA29BED48B00C3AA8B /* ToDoStateManagementUITestsLaunchTests.swift in Sources */ = {isa = PBXBuildFile; fileRef = 28A081B929BED48B00C3AA8B /* ToDoStateManagementUITestsLaunchTests.swift */; };
		28A081CA29BEDB1C00C3AA8B /* Item.swift in Sources */ = {isa = PBXBuildFile; fileRef = 28A081C929BEDB1C00C3AA8B /* Item.swift */; };
		28A081CC29BEDB5400C3AA8B /* ToDoListManagaer.swift in Sources */ = {isa = PBXBuildFile; fileRef = 28A081CB29BEDB5400C3AA8B /* ToDoListManagaer.swift */; };
/* End PBXBuildFile section */

/* Begin PBXContainerItemProxy section */
		28A081AA29BED48B00C3AA8B /* PBXContainerItemProxy */ = {
			isa = PBXContainerItemProxy;
			containerPortal = 28A0819129BED48A00C3AA8B /* Project object */;
			proxyType = 1;
			remoteGlobalIDString = 28A0819829BED48A00C3AA8B;
			remoteInfo = ToDoStateManagement;
		};
		28A081B429BED48B00C3AA8B /* PBXContainerItemProxy */ = {
			isa = PBXContainerItemProxy;
			containerPortal = 28A0819129BED48A00C3AA8B /* Project object */;
			proxyType = 1;
			remoteGlobalIDString = 28A0819829BED48A00C3AA8B;
			remoteInfo = ToDoStateManagement;
		};
/* End PBXContainerItemProxy section */

/* Begin PBXFileReference section */
		28A0819929BED48A00C3AA8B /* ToDoStateManagement.app */ = {isa = PBXFileReference; explicitFileType = wrapper.application; includeInIndex = 0; path = ToDoStateManagement.app; sourceTree = BUILT_PRODUCTS_DIR; };
		28A0819C29BED48A00C3AA8B /* ToDoStateManagementApp.swift */ = {isa = PBXFileReference; lastKnownFileType = sourcecode.swift; path = ToDoStateManagementApp.swift; sourceTree = "<group>"; };
		28A0819E29BED48A00C3AA8B /* TodoListView.swift */ = {isa = PBXFileReference; lastKnownFileType = sourcecode.swift; path = TodoListView.swift; sourceTree = "<group>"; };
		28A081A029BED48B00C3AA8B /* Assets.xcassets */ = {isa = PBXFileReference; lastKnownFileType = folder.assetcatalog; path = Assets.xcassets; sourceTree = "<group>"; };
		28A081A329BED48B00C3AA8B /* Preview Assets.xcassets */ = {isa = PBXFileReference; lastKnownFileType = folder.assetcatalog; path = "Preview Assets.xcassets"; sourceTree = "<group>"; };
		28A081A929BED48B00C3AA8B /* ToDoStateManagementTests.xctest */ = {isa = PBXFileReference; explicitFileType = wrapper.cfbundle; includeInIndex = 0; path = ToDoStateManagementTests.xctest; sourceTree = BUILT_PRODUCTS_DIR; };
		28A081AD29BED48B00C3AA8B /* ToDoStateManagementTests.swift */ = {isa = PBXFileReference; lastKnownFileType = sourcecode.swift; path = ToDoStateManagementTests.swift; sourceTree = "<group>"; };
		28A081B329BED48B00C3AA8B /* ToDoStateManagementUITests.xctest */ = {isa = PBXFileReference; explicitFileType = wrapper.cfbundle; includeInIndex = 0; path = ToDoStateManagementUITests.xctest; sourceTree = BUILT_PRODUCTS_DIR; };
		28A081B729BED48B00C3AA8B /* ToDoStateManagementUITests.swift */ = {isa = PBXFileReference; lastKnownFileType = sourcecode.swift; path = ToDoStateManagementUITests.swift; sourceTree = "<group>"; };
		28A081B929BED48B00C3AA8B /* ToDoStateManagementUITestsLaunchTests.swift */ = {isa = PBXFileReference; lastKnownFileType = sourcecode.swift; path = ToDoStateManagementUITestsLaunchTests.swift; sourceTree = "<group>"; };
		28A081C929BEDB1C00C3AA8B /* Item.swift */ = {isa = PBXFileReference; lastKnownFileType = sourcecode.swift; path = Item.swift; sourceTree = "<group>"; };
		28A081CB29BEDB5400C3AA8B /* ToDoListManagaer.swift */ = {isa = PBXFileReference; lastKnownFileType = sourcecode.swift; path = ToDoListManagaer.swift; sourceTree = "<group>"; };
/* End PBXFileReference section */

/* Begin PBXFrameworksBuildPhase section */
		28A0819629BED48A00C3AA8B /* Frameworks */ = {
			isa = PBXFrameworksBuildPhase;
			buildActionMask = 2147483647;
			files = (
			);
			runOnlyForDeploymentPostprocessing = 0;
		};
		28A081A629BED48B00C3AA8B /* Frameworks */ = {
			isa = PBXFrameworksBuildPhase;
			buildActionMask = 2147483647;
			files = (
			);
			runOnlyForDeploymentPostprocessing = 0;
		};
		28A081B029BED48B00C3AA8B /* Frameworks */ = {
			isa = PBXFrameworksBuildPhase;
			buildActionMask = 2147483647;
			files = (
			);
			runOnlyForDeploymentPostprocessing = 0;
		};
/* End PBXFrameworksBuildPhase section */

/* Begin PBXGroup section */
		28A0819029BED48A00C3AA8B = {
			isa = PBXGroup;
			children = (
				28A0819B29BED48A00C3AA8B /* ToDoStateManagement */,
				28A081AC29BED48B00C3AA8B /* ToDoStateManagementTests */,
				28A081B629BED48B00C3AA8B /* ToDoStateManagementUITests */,
				28A0819A29BED48A00C3AA8B /* Products */,
			);
			sourceTree = "<group>";
		};
		28A0819A29BED48A00C3AA8B /* Products */ = {
			isa = PBXGroup;
			children = (
				28A0819929BED48A00C3AA8B /* ToDoStateManagement.app */,
				28A081A929BED48B00C3AA8B /* ToDoStateManagementTests.xctest */,
				28A081B329BED48B00C3AA8B /* ToDoStateManagementUITests.xctest */,
			);
			name = Products;
			sourceTree = "<group>";
		};
		28A0819B29BED48A00C3AA8B /* ToDoStateManagement */ = {
			isa = PBXGroup;
			children = (
				28A081C829BEDACE00C3AA8B /* Model */,
				28A081C729BEDAC400C3AA8B /* View */,
				28A081C629BEDABD00C3AA8B /* ViewModel */,
				28A0819C29BED48A00C3AA8B /* ToDoStateManagementApp.swift */,
				28A081A029BED48B00C3AA8B /* Assets.xcassets */,
				28A081A229BED48B00C3AA8B /* Preview Content */,
			);
			path = ToDoStateManagement;
			sourceTree = "<group>";
		};
		28A081A229BED48B00C3AA8B /* Preview Content */ = {
			isa = PBXGroup;
			children = (
				28A081A329BED48B00C3AA8B /* Preview Assets.xcassets */,
			);
			path = "Preview Content";
			sourceTree = "<group>";
		};
		28A081AC29BED48B00C3AA8B /* ToDoStateManagementTests */ = {
			isa = PBXGroup;
			children = (
				28A081AD29BED48B00C3AA8B /* ToDoStateManagementTests.swift */,
			);
			path = ToDoStateManagementTests;
			sourceTree = "<group>";
		};
		28A081B629BED48B00C3AA8B /* ToDoStateManagementUITests */ = {
			isa = PBXGroup;
			children = (
				28A081B729BED48B00C3AA8B /* ToDoStateManagementUITests.swift */,
				28A081B929BED48B00C3AA8B /* ToDoStateManagementUITestsLaunchTests.swift */,
			);
			path = ToDoStateManagementUITests;
			sourceTree = "<group>";
		};
		28A081C629BEDABD00C3AA8B /* ViewModel */ = {
			isa = PBXGroup;
			children = (
				28A081CB29BEDB5400C3AA8B /* ToDoListManagaer.swift */,
			);
			path = ViewModel;
			sourceTree = "<group>";
		};
		28A081C729BEDAC400C3AA8B /* View */ = {
			isa = PBXGroup;
			children = (
				28A0819E29BED48A00C3AA8B /* TodoListView.swift */,
			);
			path = View;
			sourceTree = "<group>";
		};
		28A081C829BEDACE00C3AA8B /* Model */ = {
			isa = PBXGroup;
			children = (
				28A081C929BEDB1C00C3AA8B /* Item.swift */,
			);
			path = Model;
			sourceTree = "<group>";
		};
/* End PBXGroup section */

/* Begin PBXNativeTarget section */
		28A0819829BED48A00C3AA8B /* ToDoStateManagement */ = {
			isa = PBXNativeTarget;
			buildConfigurationList = 28A081BD29BED48B00C3AA8B /* Build configuration list for PBXNativeTarget "ToDoStateManagement" */;
			buildPhases = (
				28A0819529BED48A00C3AA8B /* Sources */,
				28A0819629BED48A00C3AA8B /* Frameworks */,
				28A0819729BED48A00C3AA8B /* Resources */,
			);
			buildRules = (
			);
			dependencies = (
			);
			name = ToDoStateManagement;
			productName = ToDoStateManagement;
			productReference = 28A0819929BED48A00C3AA8B /* ToDoStateManagement.app */;
			productType = "com.apple.product-type.application";
		};
		28A081A829BED48B00C3AA8B /* ToDoStateManagementTests */ = {
			isa = PBXNativeTarget;
			buildConfigurationList = 28A081C029BED48B00C3AA8B /* Build configuration list for PBXNativeTarget "ToDoStateManagementTests" */;
			buildPhases = (
				28A081A529BED48B00C3AA8B /* Sources */,
				28A081A629BED48B00C3AA8B /* Frameworks */,
				28A081A729BED48B00C3AA8B /* Resources */,
			);
			buildRules = (
			);
			dependencies = (
				28A081AB29BED48B00C3AA8B /* PBXTargetDependency */,
			);
			name = ToDoStateManagementTests;
			productName = ToDoStateManagementTests;
			productReference = 28A081A929BED48B00C3AA8B /* ToDoStateManagementTests.xctest */;
			productType = "com.apple.product-type.bundle.unit-test";
		};
		28A081B229BED48B00C3AA8B /* ToDoStateManagementUITests */ = {
			isa = PBXNativeTarget;
			buildConfigurationList = 28A081C329BED48B00C3AA8B /* Build configuration list for PBXNativeTarget "ToDoStateManagementUITests" */;
			buildPhases = (
				28A081AF29BED48B00C3AA8B /* Sources */,
				28A081B029BED48B00C3AA8B /* Frameworks */,
				28A081B129BED48B00C3AA8B /* Resources */,
			);
			buildRules = (
			);
			dependencies = (
				28A081B529BED48B00C3AA8B /* PBXTargetDependency */,
			);
			name = ToDoStateManagementUITests;
			productName = ToDoStateManagementUITests;
			productReference = 28A081B329BED48B00C3AA8B /* ToDoStateManagementUITests.xctest */;
			productType = "com.apple.product-type.bundle.ui-testing";
		};
/* End PBXNativeTarget section */

/* Begin PBXProject section */
		28A0819129BED48A00C3AA8B /* Project object */ = {
			isa = PBXProject;
			attributes = {
				BuildIndependentTargetsInParallel = 1;
				LastSwiftUpdateCheck = 1400;
				LastUpgradeCheck = 1400;
				TargetAttributes = {
					28A0819829BED48A00C3AA8B = {
						CreatedOnToolsVersion = 14.0.1;
					};
					28A081A829BED48B00C3AA8B = {
						CreatedOnToolsVersion = 14.0.1;
						TestTargetID = 28A0819829BED48A00C3AA8B;
					};
					28A081B229BED48B00C3AA8B = {
						CreatedOnToolsVersion = 14.0.1;
						TestTargetID = 28A0819829BED48A00C3AA8B;
					};
				};
			};
			buildConfigurationList = 28A0819429BED48A00C3AA8B /* Build configuration list for PBXProject "ToDoStateManagement" */;
			compatibilityVersion = "Xcode 14.0";
			developmentRegion = en;
			hasScannedForEncodings = 0;
			knownRegions = (
				en,
				Base,
			);
			mainGroup = 28A0819029BED48A00C3AA8B;
			productRefGroup = 28A0819A29BED48A00C3AA8B /* Products */;
			projectDirPath = "";
			projectRoot = "";
			targets = (
				28A0819829BED48A00C3AA8B /* ToDoStateManagement */,
				28A081A829BED48B00C3AA8B /* ToDoStateManagementTests */,
				28A081B229BED48B00C3AA8B /* ToDoStateManagementUITests */,
			);
		};
/* End PBXProject section */

/* Begin PBXResourcesBuildPhase section */
		28A0819729BED48A00C3AA8B /* Resources */ = {
			isa = PBXResourcesBuildPhase;
			buildActionMask = 2147483647;
			files = (
				28A081A429BED48B00C3AA8B /* Preview Assets.xcassets in Resources */,
				28A081A129BED48B00C3AA8B /* Assets.xcassets in Resources */,
			);
			runOnlyForDeploymentPostprocessing = 0;
		};
		28A081A729BED48B00C3AA8B /* Resources */ = {
			isa = PBXResourcesBuildPhase;
			buildActionMask = 2147483647;
			files = (
			);
			runOnlyForDeploymentPostprocessing = 0;
		};
		28A081B129BED48B00C3AA8B /* Resources */ = {
			isa = PBXResourcesBuildPhase;
			buildActionMask = 2147483647;
			files = (
			);
			runOnlyForDeploymentPostprocessing = 0;
		};
/* End PBXResourcesBuildPhase section */

/* Begin PBXSourcesBuildPhase section */
		28A0819529BED48A00C3AA8B /* Sources */ = {
			isa = PBXSourcesBuildPhase;
			buildActionMask = 2147483647;
			files = (
				28A0819F29BED48A00C3AA8B /* TodoListView.swift in Sources */,
				28A081CA29BEDB1C00C3AA8B /* Item.swift in Sources */,
				28A0819D29BED48A00C3AA8B /* ToDoStateManagementApp.swift in Sources */,
				28A081CC29BEDB5400C3AA8B /* ToDoListManagaer.swift in Sources */,
			);
			runOnlyForDeploymentPostprocessing = 0;
		};
		28A081A529BED48B00C3AA8B /* Sources */ = {
			isa = PBXSourcesBuildPhase;
			buildActionMask = 2147483647;
			files = (
				28A081AE29BED48B00C3AA8B /* ToDoStateManagementTests.swift in Sources */,
			);
			runOnlyForDeploymentPostprocessing = 0;
		};
		28A081AF29BED48B00C3AA8B /* Sources */ = {
			isa = PBXSourcesBuildPhase;
			buildActionMask = 2147483647;
			files = (
				28A081B829BED48B00C3AA8B /* ToDoStateManagementUITests.swift in Sources */,
				28A081BA29BED48B00C3AA8B /* ToDoStateManagementUITestsLaunchTests.swift in Sources */,
			);
			runOnlyForDeploymentPostprocessing = 0;
		};
/* End PBXSourcesBuildPhase section */

/* Begin PBXTargetDependency section */
		28A081AB29BED48B00C3AA8B /* PBXTargetDependency */ = {
			isa = PBXTargetDependency;
			target = 28A0819829BED48A00C3AA8B /* ToDoStateManagement */;
			targetProxy = 28A081AA29BED48B00C3AA8B /* PBXContainerItemProxy */;
		};
		28A081B529BED48B00C3AA8B /* PBXTargetDependency */ = {
			isa = PBXTargetDependency;
			target = 28A0819829BED48A00C3AA8B /* ToDoStateManagement */;
			targetProxy = 28A081B429BED48B00C3AA8B /* PBXContainerItemProxy */;
		};
/* End PBXTargetDependency section */

/* Begin XCBuildConfiguration section */
		28A081BB29BED48B00C3AA8B /* Debug */ = {
			isa = XCBuildConfiguration;
			buildSettings = {
				ALWAYS_SEARCH_USER_PATHS = NO;
				CLANG_ANALYZER_NONNULL = YES;
				CLANG_ANALYZER_NUMBER_OBJECT_CONVERSION = YES_AGGRESSIVE;
				CLANG_CXX_LANGUAGE_STANDARD = "gnu++20";
				CLANG_ENABLE_MODULES = YES;
				CLANG_ENABLE_OBJC_ARC = YES;
				CLANG_ENABLE_OBJC_WEAK = YES;
				CLANG_WARN_BLOCK_CAPTURE_AUTORELEASING = YES;
				CLANG_WARN_BOOL_CONVERSION = YES;
				CLANG_WARN_COMMA = YES;
				CLANG_WARN_CONSTANT_CONVERSION = YES;
				CLANG_WARN_DEPRECATED_OBJC_IMPLEMENTATIONS = YES;
				CLANG_WARN_DIRECT_OBJC_ISA_USAGE = YES_ERROR;
				CLANG_WARN_DOCUMENTATION_COMMENTS = YES;
				CLANG_WARN_EMPTY_BODY = YES;
				CLANG_WARN_ENUM_CONVERSION = YES;
				CLANG_WARN_INFINITE_RECURSION = YES;
				CLANG_WARN_INT_CONVERSION = YES;
				CLANG_WARN_NON_LITERAL_NULL_CONVERSION = YES;
				CLANG_WARN_OBJC_IMPLICIT_RETAIN_SELF = YES;
				CLANG_WARN_OBJC_LITERAL_CONVERSION = YES;
				CLANG_WARN_OBJC_ROOT_CLASS = YES_ERROR;
				CLANG_WARN_QUOTED_INCLUDE_IN_FRAMEWORK_HEADER = YES;
				CLANG_WARN_RANGE_LOOP_ANALYSIS = YES;
				CLANG_WARN_STRICT_PROTOTYPES = YES;
				CLANG_WARN_SUSPICIOUS_MOVE = YES;
				CLANG_WARN_UNGUARDED_AVAILABILITY = YES_AGGRESSIVE;
				CLANG_WARN_UNREACHABLE_CODE = YES;
				CLANG_WARN__DUPLICATE_METHOD_MATCH = YES;
				COPY_PHASE_STRIP = NO;
				DEBUG_INFORMATION_FORMAT = dwarf;
				ENABLE_STRICT_OBJC_MSGSEND = YES;
				ENABLE_TESTABILITY = YES;
				GCC_C_LANGUAGE_STANDARD = gnu11;
				GCC_DYNAMIC_NO_PIC = NO;
				GCC_NO_COMMON_BLOCKS = YES;
				GCC_OPTIMIZATION_LEVEL = 0;
				GCC_PREPROCESSOR_DEFINITIONS = (
					"DEBUG=1",
					"$(inherited)",
				);
				GCC_WARN_64_TO_32_BIT_CONVERSION = YES;
				GCC_WARN_ABOUT_RETURN_TYPE = YES_ERROR;
				GCC_WARN_UNDECLARED_SELECTOR = YES;
				GCC_WARN_UNINITIALIZED_AUTOS = YES_AGGRESSIVE;
				GCC_WARN_UNUSED_FUNCTION = YES;
				GCC_WARN_UNUSED_VARIABLE = YES;
				IPHONEOS_DEPLOYMENT_TARGET = 16.0;
				MTL_ENABLE_DEBUG_INFO = INCLUDE_SOURCE;
				MTL_FAST_MATH = YES;
				ONLY_ACTIVE_ARCH = YES;
				SDKROOT = iphoneos;
				SWIFT_ACTIVE_COMPILATION_CONDITIONS = DEBUG;
				SWIFT_OPTIMIZATION_LEVEL = "-Onone";
			};
			name = Debug;
		};
		28A081BC29BED48B00C3AA8B /* Release */ = {
			isa = XCBuildConfiguration;
			buildSettings = {
				ALWAYS_SEARCH_USER_PATHS = NO;
				CLANG_ANALYZER_NONNULL = YES;
				CLANG_ANALYZER_NUMBER_OBJECT_CONVERSION = YES_AGGRESSIVE;
				CLANG_CXX_LANGUAGE_STANDARD = "gnu++20";
				CLANG_ENABLE_MODULES = YES;
				CLANG_ENABLE_OBJC_ARC = YES;
				CLANG_ENABLE_OBJC_WEAK = YES;
				CLANG_WARN_BLOCK_CAPTURE_AUTORELEASING = YES;
				CLANG_WARN_BOOL_CONVERSION = YES;
				CLANG_WARN_COMMA = YES;
				CLANG_WARN_CONSTANT_CONVERSION = YES;
				CLANG_WARN_DEPRECATED_OBJC_IMPLEMENTATIONS = YES;
				CLANG_WARN_DIRECT_OBJC_ISA_USAGE = YES_ERROR;
				CLANG_WARN_DOCUMENTATION_COMMENTS = YES;
				CLANG_WARN_EMPTY_BODY = YES;
				CLANG_WARN_ENUM_CONVERSION = YES;
				CLANG_WARN_INFINITE_RECURSION = YES;
				CLANG_WARN_INT_CONVERSION = YES;
				CLANG_WARN_NON_LITERAL_NULL_CONVERSION = YES;
				CLANG_WARN_OBJC_IMPLICIT_RETAIN_SELF = YES;
				CLANG_WARN_OBJC_LITERAL_CONVERSION = YES;
				CLANG_WARN_OBJC_ROOT_CLASS = YES_ERROR;
				CLANG_WARN_QUOTED_INCLUDE_IN_FRAMEWORK_HEADER = YES;
				CLANG_WARN_RANGE_LOOP_ANALYSIS = YES;
				CLANG_WARN_STRICT_PROTOTYPES = YES;
				CLANG_WARN_SUSPICIOUS_MOVE = YES;
				CLANG_WARN_UNGUARDED_AVAILABILITY = YES_AGGRESSIVE;
				CLANG_WARN_UNREACHABLE_CODE = YES;
				CLANG_WARN__DUPLICATE_METHOD_MATCH = YES;
				COPY_PHASE_STRIP = NO;
				DEBUG_INFORMATION_FORMAT = "dwarf-with-dsym";
				ENABLE_NS_ASSERTIONS = NO;
				ENABLE_STRICT_OBJC_MSGSEND = YES;
				GCC_C_LANGUAGE_STANDARD = gnu11;
				GCC_NO_COMMON_BLOCKS = YES;
				GCC_WARN_64_TO_32_BIT_CONVERSION = YES;
				GCC_WARN_ABOUT_RETURN_TYPE = YES_ERROR;
				GCC_WARN_UNDECLARED_SELECTOR = YES;
				GCC_WARN_UNINITIALIZED_AUTOS = YES_AGGRESSIVE;
				GCC_WARN_UNUSED_FUNCTION = YES;
				GCC_WARN_UNUSED_VARIABLE = YES;
				IPHONEOS_DEPLOYMENT_TARGET = 16.0;
				MTL_ENABLE_DEBUG_INFO = NO;
				MTL_FAST_MATH = YES;
				SDKROOT = iphoneos;
				SWIFT_COMPILATION_MODE = wholemodule;
				SWIFT_OPTIMIZATION_LEVEL = "-O";
				VALIDATE_PRODUCT = YES;
			};
			name = Release;
		};
		28A081BE29BED48B00C3AA8B /* Debug */ = {
			isa = XCBuildConfiguration;
			buildSettings = {
				ASSETCATALOG_COMPILER_APPICON_NAME = AppIcon;
				ASSETCATALOG_COMPILER_GLOBAL_ACCENT_COLOR_NAME = AccentColor;
				CODE_SIGN_STYLE = Automatic;
				CURRENT_PROJECT_VERSION = 1;
				DEVELOPMENT_ASSET_PATHS = "\"ToDoStateManagement/Preview Content\"";
				DEVELOPMENT_TEAM = 5JCB5L87W2;
				ENABLE_PREVIEWS = YES;
				GENERATE_INFOPLIST_FILE = YES;
				INFOPLIST_KEY_UIApplicationSceneManifest_Generation = YES;
				INFOPLIST_KEY_UIApplicationSupportsIndirectInputEvents = YES;
				INFOPLIST_KEY_UILaunchScreen_Generation = YES;
				INFOPLIST_KEY_UISupportedInterfaceOrientations_iPad = "UIInterfaceOrientationPortrait UIInterfaceOrientationPortraitUpsideDown UIInterfaceOrientationLandscapeLeft UIInterfaceOrientationLandscapeRight";
				INFOPLIST_KEY_UISupportedInterfaceOrientations_iPhone = "UIInterfaceOrientationPortrait UIInterfaceOrientationLandscapeLeft UIInterfaceOrientationLandscapeRight";
				LD_RUNPATH_SEARCH_PATHS = (
					"$(inherited)",
					"@executable_path/Frameworks",
				);
				MARKETING_VERSION = 1.0;
				PRODUCT_BUNDLE_IDENTIFIER = com.dilanjt.ToDoStateManagement;
				PRODUCT_NAME = "$(TARGET_NAME)";
				SWIFT_EMIT_LOC_STRINGS = YES;
				SWIFT_VERSION = 5.0;
				TARGETED_DEVICE_FAMILY = "1,2";
			};
			name = Debug;
		};
		28A081BF29BED48B00C3AA8B /* Release */ = {
			isa = XCBuildConfiguration;
			buildSettings = {
				ASSETCATALOG_COMPILER_APPICON_NAME = AppIcon;
				ASSETCATALOG_COMPILER_GLOBAL_ACCENT_COLOR_NAME = AccentColor;
				CODE_SIGN_STYLE = Automatic;
				CURRENT_PROJECT_VERSION = 1;
				DEVELOPMENT_ASSET_PATHS = "\"ToDoStateManagement/Preview Content\"";
				DEVELOPMENT_TEAM = 5JCB5L87W2;
				ENABLE_PREVIEWS = YES;
				GENERATE_INFOPLIST_FILE = YES;
				INFOPLIST_KEY_UIApplicationSceneManifest_Generation = YES;
				INFOPLIST_KEY_UIApplicationSupportsIndirectInputEvents = YES;
				INFOPLIST_KEY_UILaunchScreen_Generation = YES;
				INFOPLIST_KEY_UISupportedInterfaceOrientations_iPad = "UIInterfaceOrientationPortrait UIInterfaceOrientationPortraitUpsideDown UIInterfaceOrientationLandscapeLeft UIInterfaceOrientationLandscapeRight";
				INFOPLIST_KEY_UISupportedInterfaceOrientations_iPhone = "UIInterfaceOrientationPortrait UIInterfaceOrientationLandscapeLeft UIInterfaceOrientationLandscapeRight";
				LD_RUNPATH_SEARCH_PATHS = (
					"$(inherited)",
					"@executable_path/Frameworks",
				);
				MARKETING_VERSION = 1.0;
				PRODUCT_BUNDLE_IDENTIFIER = com.dilanjt.ToDoStateManagement;
				PRODUCT_NAME = "$(TARGET_NAME)";
				SWIFT_EMIT_LOC_STRINGS = YES;
				SWIFT_VERSION = 5.0;
				TARGETED_DEVICE_FAMILY = "1,2";
			};
			name = Release;
		};
		28A081C129BED48B00C3AA8B /* Debug */ = {
			isa = XCBuildConfiguration;
			buildSettings = {
				ALWAYS_EMBED_SWIFT_STANDARD_LIBRARIES = YES;
				BUNDLE_LOADER = "$(TEST_HOST)";
				CODE_SIGN_STYLE = Automatic;
				CURRENT_PROJECT_VERSION = 1;
				DEVELOPMENT_TEAM = 5JCB5L87W2;
				GENERATE_INFOPLIST_FILE = YES;
				IPHONEOS_DEPLOYMENT_TARGET = 16.0;
				MARKETING_VERSION = 1.0;
				PRODUCT_BUNDLE_IDENTIFIER = com.dilanjt.ToDoStateManagementTests;
				PRODUCT_NAME = "$(TARGET_NAME)";
				SWIFT_EMIT_LOC_STRINGS = NO;
				SWIFT_VERSION = 5.0;
				TARGETED_DEVICE_FAMILY = "1,2";
				TEST_HOST = "$(BUILT_PRODUCTS_DIR)/ToDoStateManagement.app/$(BUNDLE_EXECUTABLE_FOLDER_PATH)/ToDoStateManagement";
			};
			name = Debug;
		};
		28A081C229BED48B00C3AA8B /* Release */ = {
			isa = XCBuildConfiguration;
			buildSettings = {
				ALWAYS_EMBED_SWIFT_STANDARD_LIBRARIES = YES;
				BUNDLE_LOADER = "$(TEST_HOST)";
				CODE_SIGN_STYLE = Automatic;
				CURRENT_PROJECT_VERSION = 1;
				DEVELOPMENT_TEAM = 5JCB5L87W2;
				GENERATE_INFOPLIST_FILE = YES;
				IPHONEOS_DEPLOYMENT_TARGET = 16.0;
				MARKETING_VERSION = 1.0;
				PRODUCT_BUNDLE_IDENTIFIER = com.dilanjt.ToDoStateManagementTests;
				PRODUCT_NAME = "$(TARGET_NAME)";
				SWIFT_EMIT_LOC_STRINGS = NO;
				SWIFT_VERSION = 5.0;
				TARGETED_DEVICE_FAMILY = "1,2";
				TEST_HOST = "$(BUILT_PRODUCTS_DIR)/ToDoStateManagement.app/$(BUNDLE_EXECUTABLE_FOLDER_PATH)/ToDoStateManagement";
			};
			name = Release;
		};
		28A081C429BED48B00C3AA8B /* Debug */ = {
			isa = XCBuildConfiguration;
			buildSettings = {
				ALWAYS_EMBED_SWIFT_STANDARD_LIBRARIES = YES;
				CODE_SIGN_STYLE = Automatic;
				CURRENT_PROJECT_VERSION = 1;
				DEVELOPMENT_TEAM = 5JCB5L87W2;
				GENERATE_INFOPLIST_FILE = YES;
				MARKETING_VERSION = 1.0;
				PRODUCT_BUNDLE_IDENTIFIER = com.dilanjt.ToDoStateManagementUITests;
				PRODUCT_NAME = "$(TARGET_NAME)";
				SWIFT_EMIT_LOC_STRINGS = NO;
				SWIFT_VERSION = 5.0;
				TARGETED_DEVICE_FAMILY = "1,2";
				TEST_TARGET_NAME = ToDoStateManagement;
			};
			name = Debug;
		};
		28A081C529BED48B00C3AA8B /* Release */ = {
			isa = XCBuildConfiguration;
			buildSettings = {
				ALWAYS_EMBED_SWIFT_STANDARD_LIBRARIES = YES;
				CODE_SIGN_STYLE = Automatic;
				CURRENT_PROJECT_VERSION = 1;
				DEVELOPMENT_TEAM = 5JCB5L87W2;
				GENERATE_INFOPLIST_FILE = YES;
				MARKETING_VERSION = 1.0;
				PRODUCT_BUNDLE_IDENTIFIER = com.dilanjt.ToDoStateManagementUITests;
				PRODUCT_NAME = "$(TARGET_NAME)";
				SWIFT_EMIT_LOC_STRINGS = NO;
				SWIFT_VERSION = 5.0;
				TARGETED_DEVICE_FAMILY = "1,2";
				TEST_TARGET_NAME = ToDoStateManagement;
			};
			name = Release;
		};
/* End XCBuildConfiguration section */

/* Begin XCConfigurationList section */
		28A0819429BED48A00C3AA8B /* Build configuration list for PBXProject "ToDoStateManagement" */ = {
			isa = XCConfigurationList;
			buildConfigurations = (
				28A081BB29BED48B00C3AA8B /* Debug */,
				28A081BC29BED48B00C3AA8B /* Release */,
			);
			defaultConfigurationIsVisible = 0;
			defaultConfigurationName = Release;
		};
		28A081BD29BED48B00C3AA8B /* Build configuration list for PBXNativeTarget "ToDoStateManagement" */ = {
			isa = XCConfigurationList;
			buildConfigurations = (
				28A081BE29BED48B00C3AA8B /* Debug */,
				28A081BF29BED48B00C3AA8B /* Release */,
			);
			defaultConfigurationIsVisible = 0;
			defaultConfigurationName = Release;
		};
		28A081C029BED48B00C3AA8B /* Build configuration list for PBXNativeTarget "ToDoStateManagementTests" */ = {
			isa = XCConfigurationList;
			buildConfigurations = (
				28A081C129BED48B00C3AA8B /* Debug */,
				28A081C229BED48B00C3AA8B /* Release */,
			);
			defaultConfigurationIsVisible = 0;
			defaultConfigurationName = Release;
		};
		28A081C329BED48B00C3AA8B /* Build configuration list for PBXNativeTarget "ToDoStateManagementUITests" */ = {
			isa = XCConfigurationList;
			buildConfigurations = (
				28A081C429BED48B00C3AA8B /* Debug */,
				28A081C529BED48B00C3AA8B /* Release */,
			);
			defaultConfigurationIsVisible = 0;
			defaultConfigurationName = Release;
		};
/* End XCConfigurationList section */
	};
	rootObject = 28A0819129BED48A00C3AA8B /* Project object */;
}
