// !$*UTF8*$!
{
	archiveVersion = 1;
	classes = {
	};
	objectVersion = 56;
	objects = {

/* Begin PBXBuildFile section */
		FD0297EE2996123C008CBC56 /* BMI_CalculatorApp.swift in Sources */ = {isa = PBXBuildFile; fileRef = FD0297ED2996123C008CBC56 /* BMI_CalculatorApp.swift */; };
		FD0297F02996123C008CBC56 /* ContentView.swift in Sources */ = {isa = PBXBuildFile; fileRef = FD0297EF2996123C008CBC56 /* ContentView.swift */; };
		FD0297F229961241008CBC56 /* Assets.xcassets in Resources */ = {isa = PBXBuildFile; fileRef = FD0297F129961241008CBC56 /* Assets.xcassets */; };
		FD0297F529961241008CBC56 /* Preview Assets.xcassets in Resources */ = {isa = PBXBuildFile; fileRef = FD0297F429961241008CBC56 /* Preview Assets.xcassets */; };
		FD0297FF29961242008CBC56 /* BMI_CalculatorTests.swift in Sources */ = {isa = PBXBuildFile; fileRef = FD0297FE29961242008CBC56 /* BMI_CalculatorTests.swift */; };
		FD02980929961242008CBC56 /* BMI_CalculatorUITests.swift in Sources */ = {isa = PBXBuildFile; fileRef = FD02980829961242008CBC56 /* BMI_CalculatorUITests.swift */; };
		FD02980B29961242008CBC56 /* BMI_CalculatorUITestsLaunchTests.swift in Sources */ = {isa = PBXBuildFile; fileRef = FD02980A29961242008CBC56 /* BMI_CalculatorUITestsLaunchTests.swift */; };
		FDCC705C29963BF700559E93 /* BgColorSwiftUIView.swift in Sources */ = {isa = PBXBuildFile; fileRef = FDCC705B29963BF700559E93 /* BgColorSwiftUIView.swift */; };
/* End PBXBuildFile section */

/* Begin PBXContainerItemProxy section */
		FD0297FB29961242008CBC56 /* PBXContainerItemProxy */ = {
			isa = PBXContainerItemProxy;
			containerPortal = FD0297E22996123C008CBC56 /* Project object */;
			proxyType = 1;
			remoteGlobalIDString = FD0297E92996123C008CBC56;
			remoteInfo = BMI_Calculator;
		};
		FD02980529961242008CBC56 /* PBXContainerItemProxy */ = {
			isa = PBXContainerItemProxy;
			containerPortal = FD0297E22996123C008CBC56 /* Project object */;
			proxyType = 1;
			remoteGlobalIDString = FD0297E92996123C008CBC56;
			remoteInfo = BMI_Calculator;
		};
/* End PBXContainerItemProxy section */

/* Begin PBXFileReference section */
		FD0297EA2996123C008CBC56 /* BMI_Calculator.app */ = {isa = PBXFileReference; explicitFileType = wrapper.application; includeInIndex = 0; path = BMI_Calculator.app; sourceTree = BUILT_PRODUCTS_DIR; };
		FD0297ED2996123C008CBC56 /* BMI_CalculatorApp.swift */ = {isa = PBXFileReference; lastKnownFileType = sourcecode.swift; path = BMI_CalculatorApp.swift; sourceTree = "<group>"; };
		FD0297EF2996123C008CBC56 /* ContentView.swift */ = {isa = PBXFileReference; lastKnownFileType = sourcecode.swift; path = ContentView.swift; sourceTree = "<group>"; };
		FD0297F129961241008CBC56 /* Assets.xcassets */ = {isa = PBXFileReference; lastKnownFileType = folder.assetcatalog; path = Assets.xcassets; sourceTree = "<group>"; };
		FD0297F429961241008CBC56 /* Preview Assets.xcassets */ = {isa = PBXFileReference; lastKnownFileType = folder.assetcatalog; path = "Preview Assets.xcassets"; sourceTree = "<group>"; };
		FD0297FA29961242008CBC56 /* BMI_CalculatorTests.xctest */ = {isa = PBXFileReference; explicitFileType = wrapper.cfbundle; includeInIndex = 0; path = BMI_CalculatorTests.xctest; sourceTree = BUILT_PRODUCTS_DIR; };
		FD0297FE29961242008CBC56 /* BMI_CalculatorTests.swift */ = {isa = PBXFileReference; lastKnownFileType = sourcecode.swift; path = BMI_CalculatorTests.swift; sourceTree = "<group>"; };
		FD02980429961242008CBC56 /* BMI_CalculatorUITests.xctest */ = {isa = PBXFileReference; explicitFileType = wrapper.cfbundle; includeInIndex = 0; path = BMI_CalculatorUITests.xctest; sourceTree = BUILT_PRODUCTS_DIR; };
		FD02980829961242008CBC56 /* BMI_CalculatorUITests.swift */ = {isa = PBXFileReference; lastKnownFileType = sourcecode.swift; path = BMI_CalculatorUITests.swift; sourceTree = "<group>"; };
		FD02980A29961242008CBC56 /* BMI_CalculatorUITestsLaunchTests.swift */ = {isa = PBXFileReference; lastKnownFileType = sourcecode.swift; path = BMI_CalculatorUITestsLaunchTests.swift; sourceTree = "<group>"; };
		FDCC705B29963BF700559E93 /* BgColorSwiftUIView.swift */ = {isa = PBXFileReference; lastKnownFileType = sourcecode.swift; path = BgColorSwiftUIView.swift; sourceTree = "<group>"; };
/* End PBXFileReference section */

/* Begin PBXFrameworksBuildPhase section */
		FD0297E72996123C008CBC56 /* Frameworks */ = {
			isa = PBXFrameworksBuildPhase;
			buildActionMask = 2147483647;
			files = (
			);
			runOnlyForDeploymentPostprocessing = 0;
		};
		FD0297F729961242008CBC56 /* Frameworks */ = {
			isa = PBXFrameworksBuildPhase;
			buildActionMask = 2147483647;
			files = (
			);
			runOnlyForDeploymentPostprocessing = 0;
		};
		FD02980129961242008CBC56 /* Frameworks */ = {
			isa = PBXFrameworksBuildPhase;
			buildActionMask = 2147483647;
			files = (
			);
			runOnlyForDeploymentPostprocessing = 0;
		};
/* End PBXFrameworksBuildPhase section */

/* Begin PBXGroup section */
		FD0297E12996123C008CBC56 = {
			isa = PBXGroup;
			children = (
				FD0297EC2996123C008CBC56 /* BMI_Calculator */,
				FD0297FD29961242008CBC56 /* BMI_CalculatorTests */,
				FD02980729961242008CBC56 /* BMI_CalculatorUITests */,
				FD0297EB2996123C008CBC56 /* Products */,
			);
			sourceTree = "<group>";
		};
		FD0297EB2996123C008CBC56 /* Products */ = {
			isa = PBXGroup;
			children = (
				FD0297EA2996123C008CBC56 /* BMI_Calculator.app */,
				FD0297FA29961242008CBC56 /* BMI_CalculatorTests.xctest */,
				FD02980429961242008CBC56 /* BMI_CalculatorUITests.xctest */,
			);
			name = Products;
			sourceTree = "<group>";
		};
		FD0297EC2996123C008CBC56 /* BMI_Calculator */ = {
			isa = PBXGroup;
			children = (
				FD0297ED2996123C008CBC56 /* BMI_CalculatorApp.swift */,
				FD0297EF2996123C008CBC56 /* ContentView.swift */,
				FD0297F129961241008CBC56 /* Assets.xcassets */,
				FD0297F329961241008CBC56 /* Preview Content */,
				FDCC705B29963BF700559E93 /* BgColorSwiftUIView.swift */,
			);
			path = BMI_Calculator;
			sourceTree = "<group>";
		};
		FD0297F329961241008CBC56 /* Preview Content */ = {
			isa = PBXGroup;
			children = (
				FD0297F429961241008CBC56 /* Preview Assets.xcassets */,
			);
			path = "Preview Content";
			sourceTree = "<group>";
		};
		FD0297FD29961242008CBC56 /* BMI_CalculatorTests */ = {
			isa = PBXGroup;
			children = (
				FD0297FE29961242008CBC56 /* BMI_CalculatorTests.swift */,
			);
			path = BMI_CalculatorTests;
			sourceTree = "<group>";
		};
		FD02980729961242008CBC56 /* BMI_CalculatorUITests */ = {
			isa = PBXGroup;
			children = (
				FD02980829961242008CBC56 /* BMI_CalculatorUITests.swift */,
				FD02980A29961242008CBC56 /* BMI_CalculatorUITestsLaunchTests.swift */,
			);
			path = BMI_CalculatorUITests;
			sourceTree = "<group>";
		};
/* End PBXGroup section */

/* Begin PBXNativeTarget section */
		FD0297E92996123C008CBC56 /* BMI_Calculator */ = {
			isa = PBXNativeTarget;
			buildConfigurationList = FD02980E29961242008CBC56 /* Build configuration list for PBXNativeTarget "BMI_Calculator" */;
			buildPhases = (
				FD0297E62996123C008CBC56 /* Sources */,
				FD0297E72996123C008CBC56 /* Frameworks */,
				FD0297E82996123C008CBC56 /* Resources */,
			);
			buildRules = (
			);
			dependencies = (
			);
			name = BMI_Calculator;
			productName = BMI_Calculator;
			productReference = FD0297EA2996123C008CBC56 /* BMI_Calculator.app */;
			productType = "com.apple.product-type.application";
		};
		FD0297F929961242008CBC56 /* BMI_CalculatorTests */ = {
			isa = PBXNativeTarget;
			buildConfigurationList = FD02981129961242008CBC56 /* Build configuration list for PBXNativeTarget "BMI_CalculatorTests" */;
			buildPhases = (
				FD0297F629961242008CBC56 /* Sources */,
				FD0297F729961242008CBC56 /* Frameworks */,
				FD0297F829961242008CBC56 /* Resources */,
			);
			buildRules = (
			);
			dependencies = (
				FD0297FC29961242008CBC56 /* PBXTargetDependency */,
			);
			name = BMI_CalculatorTests;
			productName = BMI_CalculatorTests;
			productReference = FD0297FA29961242008CBC56 /* BMI_CalculatorTests.xctest */;
			productType = "com.apple.product-type.bundle.unit-test";
		};
		FD02980329961242008CBC56 /* BMI_CalculatorUITests */ = {
			isa = PBXNativeTarget;
			buildConfigurationList = FD02981429961242008CBC56 /* Build configuration list for PBXNativeTarget "BMI_CalculatorUITests" */;
			buildPhases = (
				FD02980029961242008CBC56 /* Sources */,
				FD02980129961242008CBC56 /* Frameworks */,
				FD02980229961242008CBC56 /* Resources */,
			);
			buildRules = (
			);
			dependencies = (
				FD02980629961242008CBC56 /* PBXTargetDependency */,
			);
			name = BMI_CalculatorUITests;
			productName = BMI_CalculatorUITests;
			productReference = FD02980429961242008CBC56 /* BMI_CalculatorUITests.xctest */;
			productType = "com.apple.product-type.bundle.ui-testing";
		};
/* End PBXNativeTarget section */

/* Begin PBXProject section */
		FD0297E22996123C008CBC56 /* Project object */ = {
			isa = PBXProject;
			attributes = {
				BuildIndependentTargetsInParallel = 1;
				LastSwiftUpdateCheck = 1420;
				LastUpgradeCheck = 1420;
				TargetAttributes = {
					FD0297E92996123C008CBC56 = {
						CreatedOnToolsVersion = 14.2;
					};
					FD0297F929961242008CBC56 = {
						CreatedOnToolsVersion = 14.2;
						TestTargetID = FD0297E92996123C008CBC56;
					};
					FD02980329961242008CBC56 = {
						CreatedOnToolsVersion = 14.2;
						TestTargetID = FD0297E92996123C008CBC56;
					};
				};
			};
			buildConfigurationList = FD0297E52996123C008CBC56 /* Build configuration list for PBXProject "BMI_Calculator" */;
			compatibilityVersion = "Xcode 14.0";
			developmentRegion = en;
			hasScannedForEncodings = 0;
			knownRegions = (
				en,
				Base,
			);
			mainGroup = FD0297E12996123C008CBC56;
			productRefGroup = FD0297EB2996123C008CBC56 /* Products */;
			projectDirPath = "";
			projectRoot = "";
			targets = (
				FD0297E92996123C008CBC56 /* BMI_Calculator */,
				FD0297F929961242008CBC56 /* BMI_CalculatorTests */,
				FD02980329961242008CBC56 /* BMI_CalculatorUITests */,
			);
		};
/* End PBXProject section */

/* Begin PBXResourcesBuildPhase section */
		FD0297E82996123C008CBC56 /* Resources */ = {
			isa = PBXResourcesBuildPhase;
			buildActionMask = 2147483647;
			files = (
				FD0297F529961241008CBC56 /* Preview Assets.xcassets in Resources */,
				FD0297F229961241008CBC56 /* Assets.xcassets in Resources */,
			);
			runOnlyForDeploymentPostprocessing = 0;
		};
		FD0297F829961242008CBC56 /* Resources */ = {
			isa = PBXResourcesBuildPhase;
			buildActionMask = 2147483647;
			files = (
			);
			runOnlyForDeploymentPostprocessing = 0;
		};
		FD02980229961242008CBC56 /* Resources */ = {
			isa = PBXResourcesBuildPhase;
			buildActionMask = 2147483647;
			files = (
			);
			runOnlyForDeploymentPostprocessing = 0;
		};
/* End PBXResourcesBuildPhase section */

/* Begin PBXSourcesBuildPhase section */
		FD0297E62996123C008CBC56 /* Sources */ = {
			isa = PBXSourcesBuildPhase;
			buildActionMask = 2147483647;
			files = (
				FD0297F02996123C008CBC56 /* ContentView.swift in Sources */,
				FDCC705C29963BF700559E93 /* BgColorSwiftUIView.swift in Sources */,
				FD0297EE2996123C008CBC56 /* BMI_CalculatorApp.swift in Sources */,
			);
			runOnlyForDeploymentPostprocessing = 0;
		};
		FD0297F629961242008CBC56 /* Sources */ = {
			isa = PBXSourcesBuildPhase;
			buildActionMask = 2147483647;
			files = (
				FD0297FF29961242008CBC56 /* BMI_CalculatorTests.swift in Sources */,
			);
			runOnlyForDeploymentPostprocessing = 0;
		};
		FD02980029961242008CBC56 /* Sources */ = {
			isa = PBXSourcesBuildPhase;
			buildActionMask = 2147483647;
			files = (
				FD02980929961242008CBC56 /* BMI_CalculatorUITests.swift in Sources */,
				FD02980B29961242008CBC56 /* BMI_CalculatorUITestsLaunchTests.swift in Sources */,
			);
			runOnlyForDeploymentPostprocessing = 0;
		};
/* End PBXSourcesBuildPhase section */

/* Begin PBXTargetDependency section */
		FD0297FC29961242008CBC56 /* PBXTargetDependency */ = {
			isa = PBXTargetDependency;
			target = FD0297E92996123C008CBC56 /* BMI_Calculator */;
			targetProxy = FD0297FB29961242008CBC56 /* PBXContainerItemProxy */;
		};
		FD02980629961242008CBC56 /* PBXTargetDependency */ = {
			isa = PBXTargetDependency;
			target = FD0297E92996123C008CBC56 /* BMI_Calculator */;
			targetProxy = FD02980529961242008CBC56 /* PBXContainerItemProxy */;
		};
/* End PBXTargetDependency section */

/* Begin XCBuildConfiguration section */
		FD02980C29961242008CBC56 /* Debug */ = {
			isa = XCBuildConfiguration;
			buildSettings = {
				ALWAYS_SEARCH_USER_PATHS = NO;
				CLANG_ANALYZER_NONNULL = YES;
				CLANG_ANALYZER_NUMBER_OBJECT_CONVERSION = YES_AGGRESSIVE;
				CLANG_CXX_LANGUAGE_STANDARD = "gnu++20";
				CLANG_ENABLE_MODULES = YES;
				CLANG_ENABLE_OBJC_ARC = YES;
				CLANG_ENABLE_OBJC_WEAK = YES;
				CLANG_WARN_BLOCK_CAPTURE_AUTORELEASING = YES;
				CLANG_WARN_BOOL_CONVERSION = YES;
				CLANG_WARN_COMMA = YES;
				CLANG_WARN_CONSTANT_CONVERSION = YES;
				CLANG_WARN_DEPRECATED_OBJC_IMPLEMENTATIONS = YES;
				CLANG_WARN_DIRECT_OBJC_ISA_USAGE = YES_ERROR;
				CLANG_WARN_DOCUMENTATION_COMMENTS = YES;
				CLANG_WARN_EMPTY_BODY = YES;
				CLANG_WARN_ENUM_CONVERSION = YES;
				CLANG_WARN_INFINITE_RECURSION = YES;
				CLANG_WARN_INT_CONVERSION = YES;
				CLANG_WARN_NON_LITERAL_NULL_CONVERSION = YES;
				CLANG_WARN_OBJC_IMPLICIT_RETAIN_SELF = YES;
				CLANG_WARN_OBJC_LITERAL_CONVERSION = YES;
				CLANG_WARN_OBJC_ROOT_CLASS = YES_ERROR;
				CLANG_WARN_QUOTED_INCLUDE_IN_FRAMEWORK_HEADER = YES;
				CLANG_WARN_RANGE_LOOP_ANALYSIS = YES;
				CLANG_WARN_STRICT_PROTOTYPES = YES;
				CLANG_WARN_SUSPICIOUS_MOVE = YES;
				CLANG_WARN_UNGUARDED_AVAILABILITY = YES_AGGRESSIVE;
				CLANG_WARN_UNREACHABLE_CODE = YES;
				CLANG_WARN__DUPLICATE_METHOD_MATCH = YES;
				COPY_PHASE_STRIP = NO;
				DEBUG_INFORMATION_FORMAT = dwarf;
				ENABLE_STRICT_OBJC_MSGSEND = YES;
				ENABLE_TESTABILITY = YES;
				GCC_C_LANGUAGE_STANDARD = gnu11;
				GCC_DYNAMIC_NO_PIC = NO;
				GCC_NO_COMMON_BLOCKS = YES;
				GCC_OPTIMIZATION_LEVEL = 0;
				GCC_PREPROCESSOR_DEFINITIONS = (
					"DEBUG=1",
					"$(inherited)",
				);
				GCC_WARN_64_TO_32_BIT_CONVERSION = YES;
				GCC_WARN_ABOUT_RETURN_TYPE = YES_ERROR;
				GCC_WARN_UNDECLARED_SELECTOR = YES;
				GCC_WARN_UNINITIALIZED_AUTOS = YES_AGGRESSIVE;
				GCC_WARN_UNUSED_FUNCTION = YES;
				GCC_WARN_UNUSED_VARIABLE = YES;
				IPHONEOS_DEPLOYMENT_TARGET = 16.2;
				MTL_ENABLE_DEBUG_INFO = INCLUDE_SOURCE;
				MTL_FAST_MATH = YES;
				ONLY_ACTIVE_ARCH = YES;
				SDKROOT = iphoneos;
				SWIFT_ACTIVE_COMPILATION_CONDITIONS = DEBUG;
				SWIFT_OPTIMIZATION_LEVEL = "-Onone";
			};
			name = Debug;
		};
		FD02980D29961242008CBC56 /* Release */ = {
			isa = XCBuildConfiguration;
			buildSettings = {
				ALWAYS_SEARCH_USER_PATHS = NO;
				CLANG_ANALYZER_NONNULL = YES;
				CLANG_ANALYZER_NUMBER_OBJECT_CONVERSION = YES_AGGRESSIVE;
				CLANG_CXX_LANGUAGE_STANDARD = "gnu++20";
				CLANG_ENABLE_MODULES = YES;
				CLANG_ENABLE_OBJC_ARC = YES;
				CLANG_ENABLE_OBJC_WEAK = YES;
				CLANG_WARN_BLOCK_CAPTURE_AUTORELEASING = YES;
				CLANG_WARN_BOOL_CONVERSION = YES;
				CLANG_WARN_COMMA = YES;
				CLANG_WARN_CONSTANT_CONVERSION = YES;
				CLANG_WARN_DEPRECATED_OBJC_IMPLEMENTATIONS = YES;
				CLANG_WARN_DIRECT_OBJC_ISA_USAGE = YES_ERROR;
				CLANG_WARN_DOCUMENTATION_COMMENTS = YES;
				CLANG_WARN_EMPTY_BODY = YES;
				CLANG_WARN_ENUM_CONVERSION = YES;
				CLANG_WARN_INFINITE_RECURSION = YES;
				CLANG_WARN_INT_CONVERSION = YES;
				CLANG_WARN_NON_LITERAL_NULL_CONVERSION = YES;
				CLANG_WARN_OBJC_IMPLICIT_RETAIN_SELF = YES;
				CLANG_WARN_OBJC_LITERAL_CONVERSION = YES;
				CLANG_WARN_OBJC_ROOT_CLASS = YES_ERROR;
				CLANG_WARN_QUOTED_INCLUDE_IN_FRAMEWORK_HEADER = YES;
				CLANG_WARN_RANGE_LOOP_ANALYSIS = YES;
				CLANG_WARN_STRICT_PROTOTYPES = YES;
				CLANG_WARN_SUSPICIOUS_MOVE = YES;
				CLANG_WARN_UNGUARDED_AVAILABILITY = YES_AGGRESSIVE;
				CLANG_WARN_UNREACHABLE_CODE = YES;
				CLANG_WARN__DUPLICATE_METHOD_MATCH = YES;
				COPY_PHASE_STRIP = NO;
				DEBUG_INFORMATION_FORMAT = "dwarf-with-dsym";
				ENABLE_NS_ASSERTIONS = NO;
				ENABLE_STRICT_OBJC_MSGSEND = YES;
				GCC_C_LANGUAGE_STANDARD = gnu11;
				GCC_NO_COMMON_BLOCKS = YES;
				GCC_WARN_64_TO_32_BIT_CONVERSION = YES;
				GCC_WARN_ABOUT_RETURN_TYPE = YES_ERROR;
				GCC_WARN_UNDECLARED_SELECTOR = YES;
				GCC_WARN_UNINITIALIZED_AUTOS = YES_AGGRESSIVE;
				GCC_WARN_UNUSED_FUNCTION = YES;
				GCC_WARN_UNUSED_VARIABLE = YES;
				IPHONEOS_DEPLOYMENT_TARGET = 16.2;
				MTL_ENABLE_DEBUG_INFO = NO;
				MTL_FAST_MATH = YES;
				SDKROOT = iphoneos;
				SWIFT_COMPILATION_MODE = wholemodule;
				SWIFT_OPTIMIZATION_LEVEL = "-O";
				VALIDATE_PRODUCT = YES;
			};
			name = Release;
		};
		FD02980F29961242008CBC56 /* Debug */ = {
			isa = XCBuildConfiguration;
			buildSettings = {
				ASSETCATALOG_COMPILER_APPICON_NAME = AppIcon;
				ASSETCATALOG_COMPILER_GLOBAL_ACCENT_COLOR_NAME = AccentColor;
				CODE_SIGN_STYLE = Automatic;
				CURRENT_PROJECT_VERSION = 1;
				DEVELOPMENT_ASSET_PATHS = "\"BMI_Calculator/Preview Content\"";
				ENABLE_PREVIEWS = YES;
				GENERATE_INFOPLIST_FILE = YES;
				INFOPLIST_KEY_UIApplicationSceneManifest_Generation = YES;
				INFOPLIST_KEY_UIApplicationSupportsIndirectInputEvents = YES;
				INFOPLIST_KEY_UILaunchScreen_Generation = YES;
				INFOPLIST_KEY_UISupportedInterfaceOrientations_iPad = "UIInterfaceOrientationPortrait UIInterfaceOrientationPortraitUpsideDown UIInterfaceOrientationLandscapeLeft UIInterfaceOrientationLandscapeRight";
				INFOPLIST_KEY_UISupportedInterfaceOrientations_iPhone = "UIInterfaceOrientationPortrait UIInterfaceOrientationLandscapeLeft UIInterfaceOrientationLandscapeRight";
				LD_RUNPATH_SEARCH_PATHS = (
					"$(inherited)",
					"@executable_path/Frameworks",
				);
				MARKETING_VERSION = 1.0;
				PRODUCT_BUNDLE_IDENTIFIER = "dilanjt.BMI-Calculator";
				PRODUCT_NAME = "$(TARGET_NAME)";
				SWIFT_EMIT_LOC_STRINGS = YES;
				SWIFT_VERSION = 5.0;
				TARGETED_DEVICE_FAMILY = "1,2";
			};
			name = Debug;
		};
		FD02981029961242008CBC56 /* Release */ = {
			isa = XCBuildConfiguration;
			buildSettings = {
				ASSETCATALOG_COMPILER_APPICON_NAME = AppIcon;
				ASSETCATALOG_COMPILER_GLOBAL_ACCENT_COLOR_NAME = AccentColor;
				CODE_SIGN_STYLE = Automatic;
				CURRENT_PROJECT_VERSION = 1;
				DEVELOPMENT_ASSET_PATHS = "\"BMI_Calculator/Preview Content\"";
				ENABLE_PREVIEWS = YES;
				GENERATE_INFOPLIST_FILE = YES;
				INFOPLIST_KEY_UIApplicationSceneManifest_Generation = YES;
				INFOPLIST_KEY_UIApplicationSupportsIndirectInputEvents = YES;
				INFOPLIST_KEY_UILaunchScreen_Generation = YES;
				INFOPLIST_KEY_UISupportedInterfaceOrientations_iPad = "UIInterfaceOrientationPortrait UIInterfaceOrientationPortraitUpsideDown UIInterfaceOrientationLandscapeLeft UIInterfaceOrientationLandscapeRight";
				INFOPLIST_KEY_UISupportedInterfaceOrientations_iPhone = "UIInterfaceOrientationPortrait UIInterfaceOrientationLandscapeLeft UIInterfaceOrientationLandscapeRight";
				LD_RUNPATH_SEARCH_PATHS = (
					"$(inherited)",
					"@executable_path/Frameworks",
				);
				MARKETING_VERSION = 1.0;
				PRODUCT_BUNDLE_IDENTIFIER = "dilanjt.BMI-Calculator";
				PRODUCT_NAME = "$(TARGET_NAME)";
				SWIFT_EMIT_LOC_STRINGS = YES;
				SWIFT_VERSION = 5.0;
				TARGETED_DEVICE_FAMILY = "1,2";
			};
			name = Release;
		};
		FD02981229961242008CBC56 /* Debug */ = {
			isa = XCBuildConfiguration;
			buildSettings = {
				ALWAYS_EMBED_SWIFT_STANDARD_LIBRARIES = YES;
				BUNDLE_LOADER = "$(TEST_HOST)";
				CODE_SIGN_STYLE = Automatic;
				CURRENT_PROJECT_VERSION = 1;
				GENERATE_INFOPLIST_FILE = YES;
				IPHONEOS_DEPLOYMENT_TARGET = 16.2;
				MARKETING_VERSION = 1.0;
				PRODUCT_BUNDLE_IDENTIFIER = "dilanjt.BMI-CalculatorTests";
				PRODUCT_NAME = "$(TARGET_NAME)";
				SWIFT_EMIT_LOC_STRINGS = NO;
				SWIFT_VERSION = 5.0;
				TARGETED_DEVICE_FAMILY = "1,2";
				TEST_HOST = "$(BUILT_PRODUCTS_DIR)/BMI_Calculator.app/$(BUNDLE_EXECUTABLE_FOLDER_PATH)/BMI_Calculator";
			};
			name = Debug;
		};
		FD02981329961242008CBC56 /* Release */ = {
			isa = XCBuildConfiguration;
			buildSettings = {
				ALWAYS_EMBED_SWIFT_STANDARD_LIBRARIES = YES;
				BUNDLE_LOADER = "$(TEST_HOST)";
				CODE_SIGN_STYLE = Automatic;
				CURRENT_PROJECT_VERSION = 1;
				GENERATE_INFOPLIST_FILE = YES;
				IPHONEOS_DEPLOYMENT_TARGET = 16.2;
				MARKETING_VERSION = 1.0;
				PRODUCT_BUNDLE_IDENTIFIER = "dilanjt.BMI-CalculatorTests";
				PRODUCT_NAME = "$(TARGET_NAME)";
				SWIFT_EMIT_LOC_STRINGS = NO;
				SWIFT_VERSION = 5.0;
				TARGETED_DEVICE_FAMILY = "1,2";
				TEST_HOST = "$(BUILT_PRODUCTS_DIR)/BMI_Calculator.app/$(BUNDLE_EXECUTABLE_FOLDER_PATH)/BMI_Calculator";
			};
			name = Release;
		};
		FD02981529961242008CBC56 /* Debug */ = {
			isa = XCBuildConfiguration;
			buildSettings = {
				ALWAYS_EMBED_SWIFT_STANDARD_LIBRARIES = YES;
				CODE_SIGN_STYLE = Automatic;
				CURRENT_PROJECT_VERSION = 1;
				GENERATE_INFOPLIST_FILE = YES;
				MARKETING_VERSION = 1.0;
				PRODUCT_BUNDLE_IDENTIFIER = "dilanjt.BMI-CalculatorUITests";
				PRODUCT_NAME = "$(TARGET_NAME)";
				SWIFT_EMIT_LOC_STRINGS = NO;
				SWIFT_VERSION = 5.0;
				TARGETED_DEVICE_FAMILY = "1,2";
				TEST_TARGET_NAME = BMI_Calculator;
			};
			name = Debug;
		};
		FD02981629961242008CBC56 /* Release */ = {
			isa = XCBuildConfiguration;
			buildSettings = {
				ALWAYS_EMBED_SWIFT_STANDARD_LIBRARIES = YES;
				CODE_SIGN_STYLE = Automatic;
				CURRENT_PROJECT_VERSION = 1;
				GENERATE_INFOPLIST_FILE = YES;
				MARKETING_VERSION = 1.0;
				PRODUCT_BUNDLE_IDENTIFIER = "dilanjt.BMI-CalculatorUITests";
				PRODUCT_NAME = "$(TARGET_NAME)";
				SWIFT_EMIT_LOC_STRINGS = NO;
				SWIFT_VERSION = 5.0;
				TARGETED_DEVICE_FAMILY = "1,2";
				TEST_TARGET_NAME = BMI_Calculator;
			};
			name = Release;
		};
/* End XCBuildConfiguration section */

/* Begin XCConfigurationList section */
		FD0297E52996123C008CBC56 /* Build configuration list for PBXProject "BMI_Calculator" */ = {
			isa = XCConfigurationList;
			buildConfigurations = (
				FD02980C29961242008CBC56 /* Debug */,
				FD02980D29961242008CBC56 /* Release */,
			);
			defaultConfigurationIsVisible = 0;
			defaultConfigurationName = Release;
		};
		FD02980E29961242008CBC56 /* Build configuration list for PBXNativeTarget "BMI_Calculator" */ = {
			isa = XCConfigurationList;
			buildConfigurations = (
				FD02980F29961242008CBC56 /* Debug */,
				FD02981029961242008CBC56 /* Release */,
			);
			defaultConfigurationIsVisible = 0;
			defaultConfigurationName = Release;
		};
		FD02981129961242008CBC56 /* Build configuration list for PBXNativeTarget "BMI_CalculatorTests" */ = {
			isa = XCConfigurationList;
			buildConfigurations = (
				FD02981229961242008CBC56 /* Debug */,
				FD02981329961242008CBC56 /* Release */,
			);
			defaultConfigurationIsVisible = 0;
			defaultConfigurationName = Release;
		};
		FD02981429961242008CBC56 /* Build configuration list for PBXNativeTarget "BMI_CalculatorUITests" */ = {
			isa = XCConfigurationList;
			buildConfigurations = (
				FD02981529961242008CBC56 /* Debug */,
				FD02981629961242008CBC56 /* Release */,
			);
			defaultConfigurationIsVisible = 0;
			defaultConfigurationName = Release;
		};
/* End XCConfigurationList section */
	};
	rootObject = FD0297E22996123C008CBC56 /* Project object */;
}
