// !$*UTF8*$!
{
	archiveVersion = 1;
	classes = {
	};
	objectVersion = 56;
	objects = {

/* Begin PBXBuildFile section */
		2888F3A229D59F920087D64D /* PizzaJsonAppApp.swift in Sources */ = {isa = PBXBuildFile; fileRef = 2888F3A129D59F920087D64D /* PizzaJsonAppApp.swift */; };
		2888F3A429D59F920087D64D /* ContentView.swift in Sources */ = {isa = PBXBuildFile; fileRef = 2888F3A329D59F920087D64D /* ContentView.swift */; };
		2888F3A629D59F930087D64D /* Assets.xcassets in Resources */ = {isa = PBXBuildFile; fileRef = 2888F3A529D59F930087D64D /* Assets.xcassets */; };
		2888F3A929D59F930087D64D /* Preview Assets.xcassets in Resources */ = {isa = PBXBuildFile; fileRef = 2888F3A829D59F930087D64D /* Preview Assets.xcassets */; };
		2888F3B229D59FCF0087D64D /* Pizza.swift in Sources */ = {isa = PBXBuildFile; fileRef = 2888F3B129D59FCF0087D64D /* Pizza.swift */; };
		2888F3B529D5A11D0087D64D /* PizzaStore.swift in Sources */ = {isa = PBXBuildFile; fileRef = 2888F3B429D5A11D0087D64D /* PizzaStore.swift */; };
		2888F3B729D5AEE00087D64D /* PizzaList.swift in Sources */ = {isa = PBXBuildFile; fileRef = 2888F3B629D5AEE00087D64D /* PizzaList.swift */; };
		2888F3B929D5B0AE0087D64D /* PizzaDetailView.swift in Sources */ = {isa = PBXBuildFile; fileRef = 2888F3B829D5B0AE0087D64D /* PizzaDetailView.swift */; };
		2888F3BB29D5EF300087D64D /* AddPizzaView.swift in Sources */ = {isa = PBXBuildFile; fileRef = 2888F3BA29D5EF300087D64D /* AddPizzaView.swift */; };
/* End PBXBuildFile section */

/* Begin PBXFileReference section */
		2888F39E29D59F920087D64D /* PizzaJsonApp.app */ = {isa = PBXFileReference; explicitFileType = wrapper.application; includeInIndex = 0; path = PizzaJsonApp.app; sourceTree = BUILT_PRODUCTS_DIR; };
		2888F3A129D59F920087D64D /* PizzaJsonAppApp.swift */ = {isa = PBXFileReference; lastKnownFileType = sourcecode.swift; path = PizzaJsonAppApp.swift; sourceTree = "<group>"; };
		2888F3A329D59F920087D64D /* ContentView.swift */ = {isa = PBXFileReference; lastKnownFileType = sourcecode.swift; path = ContentView.swift; sourceTree = "<group>"; };
		2888F3A529D59F930087D64D /* Assets.xcassets */ = {isa = PBXFileReference; lastKnownFileType = folder.assetcatalog; path = Assets.xcassets; sourceTree = "<group>"; };
		2888F3A829D59F930087D64D /* Preview Assets.xcassets */ = {isa = PBXFileReference; lastKnownFileType = folder.assetcatalog; path = "Preview Assets.xcassets"; sourceTree = "<group>"; };
		2888F3B129D59FCF0087D64D /* Pizza.swift */ = {isa = PBXFileReference; lastKnownFileType = sourcecode.swift; path = Pizza.swift; sourceTree = "<group>"; };
		2888F3B329D5A0E50087D64D /* pizzas.geojson */ = {isa = PBXFileReference; lastKnownFileType = text; path = pizzas.geojson; sourceTree = "<group>"; };
		2888F3B429D5A11D0087D64D /* PizzaStore.swift */ = {isa = PBXFileReference; lastKnownFileType = sourcecode.swift; path = PizzaStore.swift; sourceTree = "<group>"; };
		2888F3B629D5AEE00087D64D /* PizzaList.swift */ = {isa = PBXFileReference; lastKnownFileType = sourcecode.swift; path = PizzaList.swift; sourceTree = "<group>"; };
		2888F3B829D5B0AE0087D64D /* PizzaDetailView.swift */ = {isa = PBXFileReference; lastKnownFileType = sourcecode.swift; path = PizzaDetailView.swift; sourceTree = "<group>"; };
		2888F3BA29D5EF300087D64D /* AddPizzaView.swift */ = {isa = PBXFileReference; lastKnownFileType = sourcecode.swift; path = AddPizzaView.swift; sourceTree = "<group>"; };
/* End PBXFileReference section */

/* Begin PBXFrameworksBuildPhase section */
		2888F39B29D59F920087D64D /* Frameworks */ = {
			isa = PBXFrameworksBuildPhase;
			buildActionMask = 2147483647;
			files = (
			);
			runOnlyForDeploymentPostprocessing = 0;
		};
/* End PBXFrameworksBuildPhase section */

/* Begin PBXGroup section */
		2888F39529D59F910087D64D = {
			isa = PBXGroup;
			children = (
				2888F3AF29D59FB20087D64D /* Model */,
				2888F3A029D59F920087D64D /* PizzaJsonApp */,
				2888F39F29D59F920087D64D /* Products */,
			);
			sourceTree = "<group>";
		};
		2888F39F29D59F920087D64D /* Products */ = {
			isa = PBXGroup;
			children = (
				2888F39E29D59F920087D64D /* PizzaJsonApp.app */,
			);
			name = Products;
			sourceTree = "<group>";
		};
		2888F3A029D59F920087D64D /* PizzaJsonApp */ = {
			isa = PBXGroup;
			children = (
				2888F3B029D59FBE0087D64D /* Views */,
				2888F3A129D59F920087D64D /* PizzaJsonAppApp.swift */,
				2888F3A529D59F930087D64D /* Assets.xcassets */,
				2888F3A729D59F930087D64D /* Preview Content */,
			);
			path = PizzaJsonApp;
			sourceTree = "<group>";
		};
		2888F3A729D59F930087D64D /* Preview Content */ = {
			isa = PBXGroup;
			children = (
				2888F3A829D59F930087D64D /* Preview Assets.xcassets */,
			);
			path = "Preview Content";
			sourceTree = "<group>";
		};
		2888F3AF29D59FB20087D64D /* Model */ = {
			isa = PBXGroup;
			children = (
				2888F3B129D59FCF0087D64D /* Pizza.swift */,
				2888F3B329D5A0E50087D64D /* pizzas.geojson */,
				2888F3B429D5A11D0087D64D /* PizzaStore.swift */,
			);
			path = Model;
			sourceTree = "<group>";
		};
		2888F3B029D59FBE0087D64D /* Views */ = {
			isa = PBXGroup;
			children = (
				2888F3A329D59F920087D64D /* ContentView.swift */,
				2888F3B629D5AEE00087D64D /* PizzaList.swift */,
				2888F3B829D5B0AE0087D64D /* PizzaDetailView.swift */,
				2888F3BA29D5EF300087D64D /* AddPizzaView.swift */,
			);
			path = Views;
			sourceTree = "<group>";
		};
/* End PBXGroup section */

/* Begin PBXNativeTarget section */
		2888F39D29D59F920087D64D /* PizzaJsonApp */ = {
			isa = PBXNativeTarget;
			buildConfigurationList = 2888F3AC29D59F930087D64D /* Build configuration list for PBXNativeTarget "PizzaJsonApp" */;
			buildPhases = (
				2888F39A29D59F920087D64D /* Sources */,
				2888F39B29D59F920087D64D /* Frameworks */,
				2888F39C29D59F920087D64D /* Resources */,
			);
			buildRules = (
			);
			dependencies = (
			);
			name = PizzaJsonApp;
			productName = PizzaJsonApp;
			productReference = 2888F39E29D59F920087D64D /* PizzaJsonApp.app */;
			productType = "com.apple.product-type.application";
		};
/* End PBXNativeTarget section */

/* Begin PBXProject section */
		2888F39629D59F910087D64D /* Project object */ = {
			isa = PBXProject;
			attributes = {
				BuildIndependentTargetsInParallel = 1;
				LastSwiftUpdateCheck = 1420;
				LastUpgradeCheck = 1420;
				TargetAttributes = {
					2888F39D29D59F920087D64D = {
						CreatedOnToolsVersion = 14.2;
					};
				};
			};
			buildConfigurationList = 2888F39929D59F910087D64D /* Build configuration list for PBXProject "PizzaJsonApp" */;
			compatibilityVersion = "Xcode 14.0";
			developmentRegion = en;
			hasScannedForEncodings = 0;
			knownRegions = (
				en,
				Base,
			);
			mainGroup = 2888F39529D59F910087D64D;
			productRefGroup = 2888F39F29D59F920087D64D /* Products */;
			projectDirPath = "";
			projectRoot = "";
			targets = (
				2888F39D29D59F920087D64D /* PizzaJsonApp */,
			);
		};
/* End PBXProject section */

/* Begin PBXResourcesBuildPhase section */
		2888F39C29D59F920087D64D /* Resources */ = {
			isa = PBXResourcesBuildPhase;
			buildActionMask = 2147483647;
			files = (
				2888F3A929D59F930087D64D /* Preview Assets.xcassets in Resources */,
				2888F3A629D59F930087D64D /* Assets.xcassets in Resources */,
			);
			runOnlyForDeploymentPostprocessing = 0;
		};
/* End PBXResourcesBuildPhase section */

/* Begin PBXSourcesBuildPhase section */
		2888F39A29D59F920087D64D /* Sources */ = {
			isa = PBXSourcesBuildPhase;
			buildActionMask = 2147483647;
			files = (
				2888F3B929D5B0AE0087D64D /* PizzaDetailView.swift in Sources */,
				2888F3B729D5AEE00087D64D /* PizzaList.swift in Sources */,
				2888F3A429D59F920087D64D /* ContentView.swift in Sources */,
				2888F3A229D59F920087D64D /* PizzaJsonAppApp.swift in Sources */,
				2888F3B529D5A11D0087D64D /* PizzaStore.swift in Sources */,
				2888F3B229D59FCF0087D64D /* Pizza.swift in Sources */,
				2888F3BB29D5EF300087D64D /* AddPizzaView.swift in Sources */,
			);
			runOnlyForDeploymentPostprocessing = 0;
		};
/* End PBXSourcesBuildPhase section */

/* Begin XCBuildConfiguration section */
		2888F3AA29D59F930087D64D /* Debug */ = {
			isa = XCBuildConfiguration;
			buildSettings = {
				ALWAYS_SEARCH_USER_PATHS = NO;
				CLANG_ANALYZER_NONNULL = YES;
				CLANG_ANALYZER_NUMBER_OBJECT_CONVERSION = YES_AGGRESSIVE;
				CLANG_CXX_LANGUAGE_STANDARD = "gnu++20";
				CLANG_ENABLE_MODULES = YES;
				CLANG_ENABLE_OBJC_ARC = YES;
				CLANG_ENABLE_OBJC_WEAK = YES;
				CLANG_WARN_BLOCK_CAPTURE_AUTORELEASING = YES;
				CLANG_WARN_BOOL_CONVERSION = YES;
				CLANG_WARN_COMMA = YES;
				CLANG_WARN_CONSTANT_CONVERSION = YES;
				CLANG_WARN_DEPRECATED_OBJC_IMPLEMENTATIONS = YES;
				CLANG_WARN_DIRECT_OBJC_ISA_USAGE = YES_ERROR;
				CLANG_WARN_DOCUMENTATION_COMMENTS = YES;
				CLANG_WARN_EMPTY_BODY = YES;
				CLANG_WARN_ENUM_CONVERSION = YES;
				CLANG_WARN_INFINITE_RECURSION = YES;
				CLANG_WARN_INT_CONVERSION = YES;
				CLANG_WARN_NON_LITERAL_NULL_CONVERSION = YES;
				CLANG_WARN_OBJC_IMPLICIT_RETAIN_SELF = YES;
				CLANG_WARN_OBJC_LITERAL_CONVERSION = YES;
				CLANG_WARN_OBJC_ROOT_CLASS = YES_ERROR;
				CLANG_WARN_QUOTED_INCLUDE_IN_FRAMEWORK_HEADER = YES;
				CLANG_WARN_RANGE_LOOP_ANALYSIS = YES;
				CLANG_WARN_STRICT_PROTOTYPES = YES;
				CLANG_WARN_SUSPICIOUS_MOVE = YES;
				CLANG_WARN_UNGUARDED_AVAILABILITY = YES_AGGRESSIVE;
				CLANG_WARN_UNREACHABLE_CODE = YES;
				CLANG_WARN__DUPLICATE_METHOD_MATCH = YES;
				COPY_PHASE_STRIP = NO;
				DEBUG_INFORMATION_FORMAT = dwarf;
				ENABLE_STRICT_OBJC_MSGSEND = YES;
				ENABLE_TESTABILITY = YES;
				GCC_C_LANGUAGE_STANDARD = gnu11;
				GCC_DYNAMIC_NO_PIC = NO;
				GCC_NO_COMMON_BLOCKS = YES;
				GCC_OPTIMIZATION_LEVEL = 0;
				GCC_PREPROCESSOR_DEFINITIONS = (
					"DEBUG=1",
					"$(inherited)",
				);
				GCC_WARN_64_TO_32_BIT_CONVERSION = YES;
				GCC_WARN_ABOUT_RETURN_TYPE = YES_ERROR;
				GCC_WARN_UNDECLARED_SELECTOR = YES;
				GCC_WARN_UNINITIALIZED_AUTOS = YES_AGGRESSIVE;
				GCC_WARN_UNUSED_FUNCTION = YES;
				GCC_WARN_UNUSED_VARIABLE = YES;
				IPHONEOS_DEPLOYMENT_TARGET = 16.2;
				MTL_ENABLE_DEBUG_INFO = INCLUDE_SOURCE;
				MTL_FAST_MATH = YES;
				ONLY_ACTIVE_ARCH = YES;
				SDKROOT = iphoneos;
				SWIFT_ACTIVE_COMPILATION_CONDITIONS = DEBUG;
				SWIFT_OPTIMIZATION_LEVEL = "-Onone";
			};
			name = Debug;
		};
		2888F3AB29D59F930087D64D /* Release */ = {
			isa = XCBuildConfiguration;
			buildSettings = {
				ALWAYS_SEARCH_USER_PATHS = NO;
				CLANG_ANALYZER_NONNULL = YES;
				CLANG_ANALYZER_NUMBER_OBJECT_CONVERSION = YES_AGGRESSIVE;
				CLANG_CXX_LANGUAGE_STANDARD = "gnu++20";
				CLANG_ENABLE_MODULES = YES;
				CLANG_ENABLE_OBJC_ARC = YES;
				CLANG_ENABLE_OBJC_WEAK = YES;
				CLANG_WARN_BLOCK_CAPTURE_AUTORELEASING = YES;
				CLANG_WARN_BOOL_CONVERSION = YES;
				CLANG_WARN_COMMA = YES;
				CLANG_WARN_CONSTANT_CONVERSION = YES;
				CLANG_WARN_DEPRECATED_OBJC_IMPLEMENTATIONS = YES;
				CLANG_WARN_DIRECT_OBJC_ISA_USAGE = YES_ERROR;
				CLANG_WARN_DOCUMENTATION_COMMENTS = YES;
				CLANG_WARN_EMPTY_BODY = YES;
				CLANG_WARN_ENUM_CONVERSION = YES;
				CLANG_WARN_INFINITE_RECURSION = YES;
				CLANG_WARN_INT_CONVERSION = YES;
				CLANG_WARN_NON_LITERAL_NULL_CONVERSION = YES;
				CLANG_WARN_OBJC_IMPLICIT_RETAIN_SELF = YES;
				CLANG_WARN_OBJC_LITERAL_CONVERSION = YES;
				CLANG_WARN_OBJC_ROOT_CLASS = YES_ERROR;
				CLANG_WARN_QUOTED_INCLUDE_IN_FRAMEWORK_HEADER = YES;
				CLANG_WARN_RANGE_LOOP_ANALYSIS = YES;
				CLANG_WARN_STRICT_PROTOTYPES = YES;
				CLANG_WARN_SUSPICIOUS_MOVE = YES;
				CLANG_WARN_UNGUARDED_AVAILABILITY = YES_AGGRESSIVE;
				CLANG_WARN_UNREACHABLE_CODE = YES;
				CLANG_WARN__DUPLICATE_METHOD_MATCH = YES;
				COPY_PHASE_STRIP = NO;
				DEBUG_INFORMATION_FORMAT = "dwarf-with-dsym";
				ENABLE_NS_ASSERTIONS = NO;
				ENABLE_STRICT_OBJC_MSGSEND = YES;
				GCC_C_LANGUAGE_STANDARD = gnu11;
				GCC_NO_COMMON_BLOCKS = YES;
				GCC_WARN_64_TO_32_BIT_CONVERSION = YES;
				GCC_WARN_ABOUT_RETURN_TYPE = YES_ERROR;
				GCC_WARN_UNDECLARED_SELECTOR = YES;
				GCC_WARN_UNINITIALIZED_AUTOS = YES_AGGRESSIVE;
				GCC_WARN_UNUSED_FUNCTION = YES;
				GCC_WARN_UNUSED_VARIABLE = YES;
				IPHONEOS_DEPLOYMENT_TARGET = 16.2;
				MTL_ENABLE_DEBUG_INFO = NO;
				MTL_FAST_MATH = YES;
				SDKROOT = iphoneos;
				SWIFT_COMPILATION_MODE = wholemodule;
				SWIFT_OPTIMIZATION_LEVEL = "-O";
				VALIDATE_PRODUCT = YES;
			};
			name = Release;
		};
		2888F3AD29D59F930087D64D /* Debug */ = {
			isa = XCBuildConfiguration;
			buildSettings = {
				ASSETCATALOG_COMPILER_APPICON_NAME = AppIcon;
				ASSETCATALOG_COMPILER_GLOBAL_ACCENT_COLOR_NAME = AccentColor;
				CODE_SIGN_STYLE = Automatic;
				CURRENT_PROJECT_VERSION = 1;
				DEVELOPMENT_ASSET_PATHS = "\"PizzaJsonApp/Preview Content\"";
				DEVELOPMENT_TEAM = 5JCB5L87W2;
				ENABLE_PREVIEWS = YES;
				GENERATE_INFOPLIST_FILE = YES;
				INFOPLIST_KEY_UIApplicationSceneManifest_Generation = YES;
				INFOPLIST_KEY_UIApplicationSupportsIndirectInputEvents = YES;
				INFOPLIST_KEY_UILaunchScreen_Generation = YES;
				INFOPLIST_KEY_UISupportedInterfaceOrientations_iPad = "UIInterfaceOrientationPortrait UIInterfaceOrientationPortraitUpsideDown UIInterfaceOrientationLandscapeLeft UIInterfaceOrientationLandscapeRight";
				INFOPLIST_KEY_UISupportedInterfaceOrientations_iPhone = "UIInterfaceOrientationPortrait UIInterfaceOrientationLandscapeLeft UIInterfaceOrientationLandscapeRight";
				LD_RUNPATH_SEARCH_PATHS = (
					"$(inherited)",
					"@executable_path/Frameworks",
				);
				MARKETING_VERSION = 1.0;
				PRODUCT_BUNDLE_IDENTIFIER = com.dilanjt.PizzaJsonApp;
				PRODUCT_NAME = "$(TARGET_NAME)";
				SWIFT_EMIT_LOC_STRINGS = YES;
				SWIFT_VERSION = 5.0;
				TARGETED_DEVICE_FAMILY = "1,2";
			};
			name = Debug;
		};
		2888F3AE29D59F930087D64D /* Release */ = {
			isa = XCBuildConfiguration;
			buildSettings = {
				ASSETCATALOG_COMPILER_APPICON_NAME = AppIcon;
				ASSETCATALOG_COMPILER_GLOBAL_ACCENT_COLOR_NAME = AccentColor;
				CODE_SIGN_STYLE = Automatic;
				CURRENT_PROJECT_VERSION = 1;
				DEVELOPMENT_ASSET_PATHS = "\"PizzaJsonApp/Preview Content\"";
				DEVELOPMENT_TEAM = 5JCB5L87W2;
				ENABLE_PREVIEWS = YES;
				GENERATE_INFOPLIST_FILE = YES;
				INFOPLIST_KEY_UIApplicationSceneManifest_Generation = YES;
				INFOPLIST_KEY_UIApplicationSupportsIndirectInputEvents = YES;
				INFOPLIST_KEY_UILaunchScreen_Generation = YES;
				INFOPLIST_KEY_UISupportedInterfaceOrientations_iPad = "UIInterfaceOrientationPortrait UIInterfaceOrientationPortraitUpsideDown UIInterfaceOrientationLandscapeLeft UIInterfaceOrientationLandscapeRight";
				INFOPLIST_KEY_UISupportedInterfaceOrientations_iPhone = "UIInterfaceOrientationPortrait UIInterfaceOrientationLandscapeLeft UIInterfaceOrientationLandscapeRight";
				LD_RUNPATH_SEARCH_PATHS = (
					"$(inherited)",
					"@executable_path/Frameworks",
				);
				MARKETING_VERSION = 1.0;
				PRODUCT_BUNDLE_IDENTIFIER = com.dilanjt.PizzaJsonApp;
				PRODUCT_NAME = "$(TARGET_NAME)";
				SWIFT_EMIT_LOC_STRINGS = YES;
				SWIFT_VERSION = 5.0;
				TARGETED_DEVICE_FAMILY = "1,2";
			};
			name = Release;
		};
/* End XCBuildConfiguration section */

/* Begin XCConfigurationList section */
		2888F39929D59F910087D64D /* Build configuration list for PBXProject "PizzaJsonApp" */ = {
			isa = XCConfigurationList;
			buildConfigurations = (
				2888F3AA29D59F930087D64D /* Debug */,
				2888F3AB29D59F930087D64D /* Release */,
			);
			defaultConfigurationIsVisible = 0;
			defaultConfigurationName = Release;
		};
		2888F3AC29D59F930087D64D /* Build configuration list for PBXNativeTarget "PizzaJsonApp" */ = {
			isa = XCConfigurationList;
			buildConfigurations = (
				2888F3AD29D59F930087D64D /* Debug */,
				2888F3AE29D59F930087D64D /* Release */,
			);
			defaultConfigurationIsVisible = 0;
			defaultConfigurationName = Release;
		};
/* End XCConfigurationList section */
	};
	rootObject = 2888F39629D59F910087D64D /* Project object */;
}
